// !$*UTF8*$!
{
	archiveVersion = 1;
	classes = {
	};
	objectVersion = 46;
	objects = {

/* Begin PBXAggregateTarget section */
		18CB3B7FF3A34D6D86898EC0 /* ZERO_CHECK */ = {
			isa = PBXAggregateTarget;
			buildConfigurationList = 16A49FB3001E4E69A97C7756 /* Build configuration list for PBXAggregateTarget "ZERO_CHECK" */;
			buildPhases = (
				C8952B4D7554B5EFD7C18DDE /* Generate CMakeFiles/ZERO_CHECK */,
			);
			dependencies = (
			);
			name = ZERO_CHECK;
			productName = ZERO_CHECK;
		};
		85AB74672B0B49A983EBAAAA /* install */ = {
			isa = PBXAggregateTarget;
			buildConfigurationList = E51BB77F74B84ED3A7E7DD70 /* Build configuration list for PBXAggregateTarget "install" */;
			buildPhases = (
				93426DA6A4AC2C2AC9CE883C /* CMake PostBuild Rules */,
			);
			dependencies = (
				5F9B4EAFBE264A24ABC2D910 /* PBXTargetDependency */,
			);
			name = install;
			productName = install;
		};
		F9DA07B6DD624708B0D0BD62 /* ALL_BUILD */ = {
			isa = PBXAggregateTarget;
			buildConfigurationList = 78228E4E6A964D299730D230 /* Build configuration list for PBXAggregateTarget "ALL_BUILD" */;
			buildPhases = (
				2AE873DA1C34D7752CF938EB /* Generate CMakeFiles/ALL_BUILD */,
			);
			dependencies = (
				45CDEE6D7819425784F1DFEF /* PBXTargetDependency */,
				D87199467FD14B26A2073D19 /* PBXTargetDependency */,
			);
			name = ALL_BUILD;
			productName = ALL_BUILD;
		};
/* End PBXAggregateTarget section */

/* Begin PBXBuildFile section */
		0A5E21FC9A92423599B7AD08 /* /Users/seenum/cs184/Bubble_Rings/sim/ext/nanogui/ext/glfw/src/cocoa_window.m */ = {isa = PBXBuildFile; fileRef = 2FA26F22B7B34DDA91E37156 /* /Users/seenum/cs184/Bubble_Rings/sim/ext/nanogui/ext/glfw/src/cocoa_window.m */; };
		0E7F97566BCC4774956C7B0A /* /Users/seenum/cs184/Bubble_Rings/sim/ext/nanogui/ext/glfw/src/monitor.c */ = {isa = PBXBuildFile; fileRef = 853D43DC8A124500AA60B88B /* /Users/seenum/cs184/Bubble_Rings/sim/ext/nanogui/ext/glfw/src/monitor.c */; };
		11E6DD64AA2746FAA5BB254B /* /Users/seenum/cs184/Bubble_Rings/sim/ext/nanogui/ext/glfw/src/cocoa_time.c */ = {isa = PBXBuildFile; fileRef = 98C4B04AD0B0417DAA707AB8 /* /Users/seenum/cs184/Bubble_Rings/sim/ext/nanogui/ext/glfw/src/cocoa_time.c */; };
		127A6923B2AD40098AFFC513 /* /Users/seenum/cs184/Bubble_Rings/sim/ext/nanogui/ext/glfw/src/context.c */ = {isa = PBXBuildFile; fileRef = 269C25AB3C834E67B5F9C96D /* /Users/seenum/cs184/Bubble_Rings/sim/ext/nanogui/ext/glfw/src/context.c */; };
		1E46A4F75BF640408BBF047B /* /Users/seenum/cs184/Bubble_Rings/sim/ext/nanogui/ext/glfw/src/cocoa_monitor.m */ = {isa = PBXBuildFile; fileRef = D0D25ED9BF4445329F8E6D15 /* /Users/seenum/cs184/Bubble_Rings/sim/ext/nanogui/ext/glfw/src/cocoa_monitor.m */; };
		3004BD71E54D49A6A8248FBD /* /Users/seenum/cs184/Bubble_Rings/sim/ext/nanogui/ext/glfw/src/nsgl_context.m */ = {isa = PBXBuildFile; fileRef = 277BB92DD6F544859744B7B5 /* /Users/seenum/cs184/Bubble_Rings/sim/ext/nanogui/ext/glfw/src/nsgl_context.m */; };
		3FD23AEEAD2D417785829C8B /* /Users/seenum/cs184/Bubble_Rings/sim/ext/nanogui/ext/glfw/include/GLFW/glfw3.h */ = {isa = PBXBuildFile; fileRef = 8B0DBDE23AF34CF28199AB29 /* /Users/seenum/cs184/Bubble_Rings/sim/ext/nanogui/ext/glfw/include/GLFW/glfw3.h */; };
		4F04DD0E737544DD8AE2BBE7 /* /Users/seenum/cs184/Bubble_Rings/sim/ext/nanogui/ext/glfw/src/CMakeLists.txt */ = {isa = PBXBuildFile; fileRef = 09885C1DCFE74CE49202E474 /* /Users/seenum/cs184/Bubble_Rings/sim/ext/nanogui/ext/glfw/src/CMakeLists.txt */; };
		553BBF076ED641B78B2D9158 /* /Users/seenum/cs184/Bubble_Rings/sim/ext/nanogui/ext/glfw/include/GLFW/glfw3native.h */ = {isa = PBXBuildFile; fileRef = AD63FA13DE5A4BF5A765EB5A /* /Users/seenum/cs184/Bubble_Rings/sim/ext/nanogui/ext/glfw/include/GLFW/glfw3native.h */; };
		6714E4329FBB4FD9AE1F0C43 /* /Users/seenum/cs184/Bubble_Rings/sim/ext/nanogui/ext/glfw/src/cocoa_joystick.h */ = {isa = PBXBuildFile; fileRef = 6D5C3CDACFFF487AAD3E0ED9 /* /Users/seenum/cs184/Bubble_Rings/sim/ext/nanogui/ext/glfw/src/cocoa_joystick.h */; };
		77E07E5594FA40A4BF381FB0 /* /Users/seenum/cs184/Bubble_Rings/sim/ext/nanogui/ext/glfw/src/posix_tls.c */ = {isa = PBXBuildFile; fileRef = 5B0F80CF6DF9430198B31B1E /* /Users/seenum/cs184/Bubble_Rings/sim/ext/nanogui/ext/glfw/src/posix_tls.c */; };
		86F319E2D55640288E6E15DD /* /Users/seenum/cs184/Bubble_Rings/sim/ext/nanogui/ext/glfw/src/cocoa_platform.h */ = {isa = PBXBuildFile; fileRef = EB11CD07245C4A4FA8B353E2 /* /Users/seenum/cs184/Bubble_Rings/sim/ext/nanogui/ext/glfw/src/cocoa_platform.h */; };
		8909CFC3C36A40FCB45EC3BC /* /Users/seenum/cs184/Bubble_Rings/sim/ext/nanogui/ext/glfw/src/input.c */ = {isa = PBXBuildFile; fileRef = BBC253BE0482400283720EAB /* /Users/seenum/cs184/Bubble_Rings/sim/ext/nanogui/ext/glfw/src/input.c */; };
		8C3FE0C7BB024C859D81D758 /* /Users/seenum/cs184/Bubble_Rings/sim/ext/nanogui/ext/glfw/src/cocoa_init.m */ = {isa = PBXBuildFile; fileRef = CAC53ECB06F14E3FAD32DDD4 /* /Users/seenum/cs184/Bubble_Rings/sim/ext/nanogui/ext/glfw/src/cocoa_init.m */; };
		8D8B281C1B504870860F1E49 /* /Users/seenum/cs184/Bubble_Rings/sim/ext/nanogui/ext/glfw/src/nsgl_context.h */ = {isa = PBXBuildFile; fileRef = 8558451CF19341E0A2E727AF /* /Users/seenum/cs184/Bubble_Rings/sim/ext/nanogui/ext/glfw/src/nsgl_context.h */; };
		919C57B3CA034CF88178D108 /* /Users/seenum/cs184/Bubble_Rings/sim/ext/nanogui/ext/glfw/src/CMakeLists.txt */ = {isa = PBXBuildFile; fileRef = 1C1FA26C32074C1BA913777F /* /Users/seenum/cs184/Bubble_Rings/sim/ext/nanogui/ext/glfw/src/CMakeLists.txt */; };
		A09A402085694386A25874FB /* /Users/seenum/cs184/Bubble_Rings/sim/ext/nanogui/ext/glfw/src/init.c */ = {isa = PBXBuildFile; fileRef = 42CC73F153CA483D9F170E29 /* /Users/seenum/cs184/Bubble_Rings/sim/ext/nanogui/ext/glfw/src/init.c */; };
		AD47D4BA3FF34CCBB4AF937E /* /Users/seenum/cs184/Bubble_Rings/sim/ext/nanogui/ext/glfw/src/window.c */ = {isa = PBXBuildFile; fileRef = C2634B033FEA4A2DB0544FA5 /* /Users/seenum/cs184/Bubble_Rings/sim/ext/nanogui/ext/glfw/src/window.c */; };
		BA3010EC622D46649C574EA2 /* /Users/seenum/cs184/Bubble_Rings/sim/ext/nanogui/ext/glfw/src/posix_tls.h */ = {isa = PBXBuildFile; fileRef = 33C6476685F34BF881F66B35 /* /Users/seenum/cs184/Bubble_Rings/sim/ext/nanogui/ext/glfw/src/posix_tls.h */; };
		CC1A2DD878A84B3DA44B033B /* /Users/seenum/cs184/Bubble_Rings/sim/ext/nanogui/ext/glfw/src/cocoa_joystick.m */ = {isa = PBXBuildFile; fileRef = 6EFD12660DC144E89CBF9A8F /* /Users/seenum/cs184/Bubble_Rings/sim/ext/nanogui/ext/glfw/src/cocoa_joystick.m */; };
		CC5DAFDA4EB149C2970D23B4 /* /Users/seenum/cs184/Bubble_Rings/sim/xcode/ext/nanogui/ext_build/glfw/src/glfw_config.h */ = {isa = PBXBuildFile; fileRef = 94614F0451F246559A1FED8C /* /Users/seenum/cs184/Bubble_Rings/sim/xcode/ext/nanogui/ext_build/glfw/src/glfw_config.h */; };
		D2B034A8279A4C2DB84E4A6C /* /Users/seenum/cs184/Bubble_Rings/sim/ext/nanogui/ext/glfw/src/vulkan.c */ = {isa = PBXBuildFile; fileRef = 37B63FE5C51A412198BD6C7E /* /Users/seenum/cs184/Bubble_Rings/sim/ext/nanogui/ext/glfw/src/vulkan.c */; };
		FFC4A70A4BF9493F9B1BA5B6 /* /Users/seenum/cs184/Bubble_Rings/sim/ext/nanogui/ext/glfw/src/internal.h */ = {isa = PBXBuildFile; fileRef = 47CF1690F7974E3395B31045 /* /Users/seenum/cs184/Bubble_Rings/sim/ext/nanogui/ext/glfw/src/internal.h */; };
/* End PBXBuildFile section */

/* Begin PBXBuildStyle section */
		2371B19B6A844B1A9329592A /* RelWithDebInfo */ = {
			isa = PBXBuildStyle;
			buildSettings = {
				COPY_PHASE_STRIP = NO;
			};
			name = RelWithDebInfo;
		};
		2AA8C3538D414B859508F005 /* Debug */ = {
			isa = PBXBuildStyle;
			buildSettings = {
				COPY_PHASE_STRIP = NO;
			};
			name = Debug;
		};
		4FC4757924944BA58F4CBB8A /* MinSizeRel */ = {
			isa = PBXBuildStyle;
			buildSettings = {
				COPY_PHASE_STRIP = NO;
			};
			name = MinSizeRel;
		};
		C0A3CB19208342E59297DD45 /* Release */ = {
			isa = PBXBuildStyle;
			buildSettings = {
				COPY_PHASE_STRIP = NO;
			};
			name = Release;
		};
/* End PBXBuildStyle section */

/* Begin PBXContainerItemProxy section */
		01DBB6EE8B0347AE90901E32 /* PBXContainerItemProxy */ = {
			isa = PBXContainerItemProxy;
			containerPortal = A43823265C1F4087B5D1069A /* Project object */;
			proxyType = 1;
			remoteGlobalIDString = F9DA07B6DD624708B0D0BD62;
			remoteInfo = ALL_BUILD;
		};
		0DE1DCF784724C0F8F1EC532 /* PBXContainerItemProxy */ = {
			isa = PBXContainerItemProxy;
			containerPortal = A43823265C1F4087B5D1069A /* Project object */;
			proxyType = 1;
			remoteGlobalIDString = 99E8EE4BF3E246E7A54C939E;
			remoteInfo = glfw_objects;
		};
		9EEE063F3C024483AA50B1D7 /* PBXContainerItemProxy */ = {
			isa = PBXContainerItemProxy;
			containerPortal = A43823265C1F4087B5D1069A /* Project object */;
			proxyType = 1;
			remoteGlobalIDString = 18CB3B7FF3A34D6D86898EC0;
			remoteInfo = ZERO_CHECK;
		};
		EAB5F3B11D1B4B1DB4A7C091 /* PBXContainerItemProxy */ = {
			isa = PBXContainerItemProxy;
			containerPortal = A43823265C1F4087B5D1069A /* Project object */;
			proxyType = 1;
			remoteGlobalIDString = 99E8EE4BF3E246E7A54C939E;
			remoteInfo = glfw_objects;
		};
/* End PBXContainerItemProxy section */

/* Begin PBXFileReference section */
		09885C1DCFE74CE49202E474 /* /Users/seenum/cs184/Bubble_Rings/sim/ext/nanogui/ext/glfw/src/CMakeLists.txt */ = {isa = PBXFileReference; explicitFileType = sourcecode.text; fileEncoding = 4; name = CMakeLists.txt; path = src/CMakeLists.txt; sourceTree = SOURCE_ROOT; };
		0FD268A5B6734893B4FBABA6 /* glfw_objects */ = {isa = PBXFileReference; explicitFileType = archive.ar; path = libglfw_objects.a; sourceTree = BUILT_PRODUCTS_DIR; };
		1C1FA26C32074C1BA913777F /* /Users/seenum/cs184/Bubble_Rings/sim/ext/nanogui/ext/glfw/src/CMakeLists.txt */ = {isa = PBXFileReference; explicitFileType = sourcecode.text; fileEncoding = 4; name = CMakeLists.txt; path = src/CMakeLists.txt; sourceTree = SOURCE_ROOT; };
		269C25AB3C834E67B5F9C96D /* /Users/seenum/cs184/Bubble_Rings/sim/ext/nanogui/ext/glfw/src/context.c */ = {isa = PBXFileReference; explicitFileType = sourcecode.c.c; fileEncoding = 4; name = context.c; path = src/context.c; sourceTree = SOURCE_ROOT; };
		277BB92DD6F544859744B7B5 /* /Users/seenum/cs184/Bubble_Rings/sim/ext/nanogui/ext/glfw/src/nsgl_context.m */ = {isa = PBXFileReference; explicitFileType = sourcecode.c.objc; fileEncoding = 4; name = nsgl_context.m; path = src/nsgl_context.m; sourceTree = SOURCE_ROOT; };
		2FA26F22B7B34DDA91E37156 /* /Users/seenum/cs184/Bubble_Rings/sim/ext/nanogui/ext/glfw/src/cocoa_window.m */ = {isa = PBXFileReference; explicitFileType = sourcecode.c.objc; fileEncoding = 4; name = cocoa_window.m; path = src/cocoa_window.m; sourceTree = SOURCE_ROOT; };
		33C6476685F34BF881F66B35 /* /Users/seenum/cs184/Bubble_Rings/sim/ext/nanogui/ext/glfw/src/posix_tls.h */ = {isa = PBXFileReference; explicitFileType = sourcecode.c.h; fileEncoding = 4; name = posix_tls.h; path = src/posix_tls.h; sourceTree = SOURCE_ROOT; };
		37B63FE5C51A412198BD6C7E /* /Users/seenum/cs184/Bubble_Rings/sim/ext/nanogui/ext/glfw/src/vulkan.c */ = {isa = PBXFileReference; explicitFileType = sourcecode.c.c; fileEncoding = 4; name = vulkan.c; path = src/vulkan.c; sourceTree = SOURCE_ROOT; };
		42CC73F153CA483D9F170E29 /* /Users/seenum/cs184/Bubble_Rings/sim/ext/nanogui/ext/glfw/src/init.c */ = {isa = PBXFileReference; explicitFileType = sourcecode.c.c; fileEncoding = 4; name = init.c; path = src/init.c; sourceTree = SOURCE_ROOT; };
		463FA5881FFF4820BCFDC404 /* /Users/seenum/cs184/Bubble_Rings/sim/ext/nanogui/ext/glfw/CMakeLists.txt */ = {isa = PBXFileReference; explicitFileType = sourcecode.text; fileEncoding = 4; name = CMakeLists.txt; path = CMakeLists.txt; sourceTree = SOURCE_ROOT; };
		47CF1690F7974E3395B31045 /* /Users/seenum/cs184/Bubble_Rings/sim/ext/nanogui/ext/glfw/src/internal.h */ = {isa = PBXFileReference; explicitFileType = sourcecode.c.h; fileEncoding = 4; name = internal.h; path = src/internal.h; sourceTree = SOURCE_ROOT; };
		5B0F80CF6DF9430198B31B1E /* /Users/seenum/cs184/Bubble_Rings/sim/ext/nanogui/ext/glfw/src/posix_tls.c */ = {isa = PBXFileReference; explicitFileType = sourcecode.c.c; fileEncoding = 4; name = posix_tls.c; path = src/posix_tls.c; sourceTree = SOURCE_ROOT; };
		6D5C3CDACFFF487AAD3E0ED9 /* /Users/seenum/cs184/Bubble_Rings/sim/ext/nanogui/ext/glfw/src/cocoa_joystick.h */ = {isa = PBXFileReference; explicitFileType = sourcecode.c.h; fileEncoding = 4; name = cocoa_joystick.h; path = src/cocoa_joystick.h; sourceTree = SOURCE_ROOT; };
		6EFD12660DC144E89CBF9A8F /* /Users/seenum/cs184/Bubble_Rings/sim/ext/nanogui/ext/glfw/src/cocoa_joystick.m */ = {isa = PBXFileReference; explicitFileType = sourcecode.c.objc; fileEncoding = 4; name = cocoa_joystick.m; path = src/cocoa_joystick.m; sourceTree = SOURCE_ROOT; };
		853D43DC8A124500AA60B88B /* /Users/seenum/cs184/Bubble_Rings/sim/ext/nanogui/ext/glfw/src/monitor.c */ = {isa = PBXFileReference; explicitFileType = sourcecode.c.c; fileEncoding = 4; name = monitor.c; path = src/monitor.c; sourceTree = SOURCE_ROOT; };
		8558451CF19341E0A2E727AF /* /Users/seenum/cs184/Bubble_Rings/sim/ext/nanogui/ext/glfw/src/nsgl_context.h */ = {isa = PBXFileReference; explicitFileType = sourcecode.c.h; fileEncoding = 4; name = nsgl_context.h; path = src/nsgl_context.h; sourceTree = SOURCE_ROOT; };
		8B0DBDE23AF34CF28199AB29 /* /Users/seenum/cs184/Bubble_Rings/sim/ext/nanogui/ext/glfw/include/GLFW/glfw3.h */ = {isa = PBXFileReference; explicitFileType = sourcecode.c.h; fileEncoding = 4; name = glfw3.h; path = include/GLFW/glfw3.h; sourceTree = SOURCE_ROOT; };
		94614F0451F246559A1FED8C /* /Users/seenum/cs184/Bubble_Rings/sim/xcode/ext/nanogui/ext_build/glfw/src/glfw_config.h */ = {isa = PBXFileReference; explicitFileType = sourcecode.c.h; fileEncoding = 4; name = glfw_config.h; path = ../../../../xcode/ext/nanogui/ext_build/glfw/src/glfw_config.h; sourceTree = SOURCE_ROOT; };
		98C4B04AD0B0417DAA707AB8 /* /Users/seenum/cs184/Bubble_Rings/sim/ext/nanogui/ext/glfw/src/cocoa_time.c */ = {isa = PBXFileReference; explicitFileType = sourcecode.c.c; fileEncoding = 4; name = cocoa_time.c; path = src/cocoa_time.c; sourceTree = SOURCE_ROOT; };
		AD63FA13DE5A4BF5A765EB5A /* /Users/seenum/cs184/Bubble_Rings/sim/ext/nanogui/ext/glfw/include/GLFW/glfw3native.h */ = {isa = PBXFileReference; explicitFileType = sourcecode.c.h; fileEncoding = 4; name = glfw3native.h; path = include/GLFW/glfw3native.h; sourceTree = SOURCE_ROOT; };
		B30BD846F8A54F11BF69A1F0 /* glfw */ = {isa = PBXFileReference; explicitFileType = "compiled.mach-o.dylib"; path = libglfw.dylib; sourceTree = BUILT_PRODUCTS_DIR; };
		BBC253BE0482400283720EAB /* /Users/seenum/cs184/Bubble_Rings/sim/ext/nanogui/ext/glfw/src/input.c */ = {isa = PBXFileReference; explicitFileType = sourcecode.c.c; fileEncoding = 4; name = input.c; path = src/input.c; sourceTree = SOURCE_ROOT; };
		C2634B033FEA4A2DB0544FA5 /* /Users/seenum/cs184/Bubble_Rings/sim/ext/nanogui/ext/glfw/src/window.c */ = {isa = PBXFileReference; explicitFileType = sourcecode.c.c; fileEncoding = 4; name = window.c; path = src/window.c; sourceTree = SOURCE_ROOT; };
		CAC53ECB06F14E3FAD32DDD4 /* /Users/seenum/cs184/Bubble_Rings/sim/ext/nanogui/ext/glfw/src/cocoa_init.m */ = {isa = PBXFileReference; explicitFileType = sourcecode.c.objc; fileEncoding = 4; name = cocoa_init.m; path = src/cocoa_init.m; sourceTree = SOURCE_ROOT; };
		D0D25ED9BF4445329F8E6D15 /* /Users/seenum/cs184/Bubble_Rings/sim/ext/nanogui/ext/glfw/src/cocoa_monitor.m */ = {isa = PBXFileReference; explicitFileType = sourcecode.c.objc; fileEncoding = 4; name = cocoa_monitor.m; path = src/cocoa_monitor.m; sourceTree = SOURCE_ROOT; };
		EB11CD07245C4A4FA8B353E2 /* /Users/seenum/cs184/Bubble_Rings/sim/ext/nanogui/ext/glfw/src/cocoa_platform.h */ = {isa = PBXFileReference; explicitFileType = sourcecode.c.h; fileEncoding = 4; name = cocoa_platform.h; path = src/cocoa_platform.h; sourceTree = SOURCE_ROOT; };
/* End PBXFileReference section */

/* Begin PBXFrameworksBuildPhase section */
		8CC1259C1140418FAB60BC3A /* Frameworks */ = {
			isa = PBXFrameworksBuildPhase;
			buildActionMask = 2147483647;
			files = (
			);
			runOnlyForDeploymentPostprocessing = 0;
		};
		8CEC03C6DD4B413FA436E7D7 /* Frameworks */ = {
			isa = PBXFrameworksBuildPhase;
			buildActionMask = 2147483647;
			files = (
			);
			runOnlyForDeploymentPostprocessing = 0;
		};
/* End PBXFrameworksBuildPhase section */

/* Begin PBXGroup section */
		0229F8E81AF24879A98C0784 /* glfw */ = {
			isa = PBXGroup;
			children = (
				1C1FA26C32074C1BA913777F /* /Users/seenum/cs184/Bubble_Rings/sim/ext/nanogui/ext/glfw/src/CMakeLists.txt */,
			);
			name = glfw;
			sourceTree = "<group>";
		};
		18DAE05E01A94D67B34C4511 /* Header Files */ = {
			isa = PBXGroup;
			children = (
				8B0DBDE23AF34CF28199AB29 /* /Users/seenum/cs184/Bubble_Rings/sim/ext/nanogui/ext/glfw/include/GLFW/glfw3.h */,
				AD63FA13DE5A4BF5A765EB5A /* /Users/seenum/cs184/Bubble_Rings/sim/ext/nanogui/ext/glfw/include/GLFW/glfw3native.h */,
				6D5C3CDACFFF487AAD3E0ED9 /* /Users/seenum/cs184/Bubble_Rings/sim/ext/nanogui/ext/glfw/src/cocoa_joystick.h */,
				EB11CD07245C4A4FA8B353E2 /* /Users/seenum/cs184/Bubble_Rings/sim/ext/nanogui/ext/glfw/src/cocoa_platform.h */,
				47CF1690F7974E3395B31045 /* /Users/seenum/cs184/Bubble_Rings/sim/ext/nanogui/ext/glfw/src/internal.h */,
				8558451CF19341E0A2E727AF /* /Users/seenum/cs184/Bubble_Rings/sim/ext/nanogui/ext/glfw/src/nsgl_context.h */,
				33C6476685F34BF881F66B35 /* /Users/seenum/cs184/Bubble_Rings/sim/ext/nanogui/ext/glfw/src/posix_tls.h */,
				94614F0451F246559A1FED8C /* /Users/seenum/cs184/Bubble_Rings/sim/xcode/ext/nanogui/ext_build/glfw/src/glfw_config.h */,
			);
			name = "Header Files";
			sourceTree = "<group>";
		};
		26217413076C47C8AB541D1A /* CMake Rules */ = {
			isa = PBXGroup;
			children = (
			);
			name = "CMake Rules";
			sourceTree = "<group>";
		};
		52D085EBD9274DF0BB2B38FF = {
			isa = PBXGroup;
			children = (
				F8648119C6414EEFA59CC067 /* ALL_BUILD */,
				6D3A3D09ECF14C35AB3C00D3 /* dependencies */,
				53EA6B87C8774E128AAEDEEC /* Products */,
				C278277B9B2D44EB9D0C652D /* Frameworks */,
			);
			sourceTree = "<group>";
		};
		53EA6B87C8774E128AAEDEEC /* Products */ = {
			isa = PBXGroup;
			children = (
				B30BD846F8A54F11BF69A1F0 /* glfw */,
				0FD268A5B6734893B4FBABA6 /* glfw_objects */,
			);
			name = Products;
			sourceTree = "<group>";
		};
		6C7FC9B8DBE04E419D14B486 /* Source Files */ = {
			isa = PBXGroup;
			children = (
				CAC53ECB06F14E3FAD32DDD4 /* /Users/seenum/cs184/Bubble_Rings/sim/ext/nanogui/ext/glfw/src/cocoa_init.m */,
				6EFD12660DC144E89CBF9A8F /* /Users/seenum/cs184/Bubble_Rings/sim/ext/nanogui/ext/glfw/src/cocoa_joystick.m */,
				D0D25ED9BF4445329F8E6D15 /* /Users/seenum/cs184/Bubble_Rings/sim/ext/nanogui/ext/glfw/src/cocoa_monitor.m */,
				98C4B04AD0B0417DAA707AB8 /* /Users/seenum/cs184/Bubble_Rings/sim/ext/nanogui/ext/glfw/src/cocoa_time.c */,
				2FA26F22B7B34DDA91E37156 /* /Users/seenum/cs184/Bubble_Rings/sim/ext/nanogui/ext/glfw/src/cocoa_window.m */,
				269C25AB3C834E67B5F9C96D /* /Users/seenum/cs184/Bubble_Rings/sim/ext/nanogui/ext/glfw/src/context.c */,
				42CC73F153CA483D9F170E29 /* /Users/seenum/cs184/Bubble_Rings/sim/ext/nanogui/ext/glfw/src/init.c */,
				BBC253BE0482400283720EAB /* /Users/seenum/cs184/Bubble_Rings/sim/ext/nanogui/ext/glfw/src/input.c */,
				853D43DC8A124500AA60B88B /* /Users/seenum/cs184/Bubble_Rings/sim/ext/nanogui/ext/glfw/src/monitor.c */,
				277BB92DD6F544859744B7B5 /* /Users/seenum/cs184/Bubble_Rings/sim/ext/nanogui/ext/glfw/src/nsgl_context.m */,
				5B0F80CF6DF9430198B31B1E /* /Users/seenum/cs184/Bubble_Rings/sim/ext/nanogui/ext/glfw/src/posix_tls.c */,
				37B63FE5C51A412198BD6C7E /* /Users/seenum/cs184/Bubble_Rings/sim/ext/nanogui/ext/glfw/src/vulkan.c */,
				C2634B033FEA4A2DB0544FA5 /* /Users/seenum/cs184/Bubble_Rings/sim/ext/nanogui/ext/glfw/src/window.c */,
			);
			name = "Source Files";
			sourceTree = "<group>";
		};
		6D3A3D09ECF14C35AB3C00D3 /* dependencies */ = {
			isa = PBXGroup;
			children = (
				D35F7BDD6093452FAE01C2BD /* glfw_objects */,
				0229F8E81AF24879A98C0784 /* glfw */,
			);
			name = dependencies;
			sourceTree = "<group>";
		};
		C278277B9B2D44EB9D0C652D /* Frameworks */ = {
			isa = PBXGroup;
			children = (
			);
			name = Frameworks;
			sourceTree = "<group>";
		};
		D35F7BDD6093452FAE01C2BD /* glfw_objects */ = {
			isa = PBXGroup;
			children = (
				6C7FC9B8DBE04E419D14B486 /* Source Files */,
				18DAE05E01A94D67B34C4511 /* Header Files */,
				09885C1DCFE74CE49202E474 /* /Users/seenum/cs184/Bubble_Rings/sim/ext/nanogui/ext/glfw/src/CMakeLists.txt */,
			);
			name = glfw_objects;
			sourceTree = "<group>";
		};
		F8648119C6414EEFA59CC067 /* ALL_BUILD */ = {
			isa = PBXGroup;
			children = (
				26217413076C47C8AB541D1A /* CMake Rules */,
				463FA5881FFF4820BCFDC404 /* /Users/seenum/cs184/Bubble_Rings/sim/ext/nanogui/ext/glfw/CMakeLists.txt */,
			);
			name = ALL_BUILD;
			sourceTree = "<group>";
		};
/* End PBXGroup section */

/* Begin PBXNativeTarget section */
		5A33FDA7086247D18AE13D1D /* glfw */ = {
			isa = PBXNativeTarget;
			buildConfigurationList = 9EF62C6730F34545B7B52B70 /* Build configuration list for PBXNativeTarget "glfw" */;
			buildPhases = (
				8CEC03C6DD4B413FA436E7D7 /* Frameworks */,
				AD1D6540D49F6AB7FEF5FAF8 /* CMake PostBuild Rules */,
			);
			buildRules = (
			);
			dependencies = (
				19CE415569BA4B1585425E52 /* PBXTargetDependency */,
			);
			name = glfw;
			productName = glfw;
			productReference = B30BD846F8A54F11BF69A1F0 /* glfw */;
			productType = "com.apple.product-type.library.dynamic";
		};
		99E8EE4BF3E246E7A54C939E /* glfw_objects */ = {
			isa = PBXNativeTarget;
			buildConfigurationList = 35003420A0E54C90ACDD5179 /* Build configuration list for PBXNativeTarget "glfw_objects" */;
			buildPhases = (
				56CBE217794041FFA0BFD4BD /* Sources */,
				8CC1259C1140418FAB60BC3A /* Frameworks */,
			);
			buildRules = (
			);
			dependencies = (
			);
			name = glfw_objects;
			productName = glfw_objects;
			productReference = 0FD268A5B6734893B4FBABA6 /* glfw_objects */;
			productType = "com.apple.product-type.library.static";
		};
/* End PBXNativeTarget section */

/* Begin PBXProject section */
		A43823265C1F4087B5D1069A /* Project object */ = {
			isa = PBXProject;
			attributes = {
				BuildIndependentTargetsInParallel = YES;
				LastUpgradeCheck = 1320;
			};
			buildConfigurationList = DA7824CA129348E4A6537A70 /* Build configuration list for PBXProject "GLFW" */;
			buildSettings = {
			};
			buildStyles = (
				2AA8C3538D414B859508F005 /* Debug */,
				C0A3CB19208342E59297DD45 /* Release */,
				4FC4757924944BA58F4CBB8A /* MinSizeRel */,
				2371B19B6A844B1A9329592A /* RelWithDebInfo */,
			);
			compatibilityVersion = "Xcode 3.2";
			hasScannedForEncodings = 0;
			mainGroup = 52D085EBD9274DF0BB2B38FF;
			projectDirPath = ../../../../../ext/nanogui/ext/glfw;
			projectRoot = "";
			targets = (
				F9DA07B6DD624708B0D0BD62 /* ALL_BUILD */,
				18CB3B7FF3A34D6D86898EC0 /* ZERO_CHECK */,
				5A33FDA7086247D18AE13D1D /* glfw */,
				99E8EE4BF3E246E7A54C939E /* glfw_objects */,
				85AB74672B0B49A983EBAAAA /* install */,
			);
		};
/* End PBXProject section */

/* Begin PBXShellScriptBuildPhase section */
		2AE873DA1C34D7752CF938EB /* Generate CMakeFiles/ALL_BUILD */ = {
			isa = PBXShellScriptBuildPhase;
			alwaysOutOfDate = 1;
			buildActionMask = 2147483647;
			files = (
			);
			inputPaths = (
			);
			name = "Generate CMakeFiles/ALL_BUILD";
			outputPaths = (
/Users/seenum/cs184/Bubble_Rings/sim/xcode/ext/nanogui/ext_build/glfw/CMakeFiles/ALL_BUILD			);
			runOnlyForDeploymentPostprocessing = 0;
			shellPath = /bin/sh;
			shellScript = "set -e
if test \"$CONFIGURATION\" = \"Debug\"; then :
  cd /Users/seenum/cs184/Bubble_Rings/sim/xcode/ext/nanogui/ext_build/glfw
  echo Build\\ all\\ projects
fi
if test \"$CONFIGURATION\" = \"Release\"; then :
  cd /Users/seenum/cs184/Bubble_Rings/sim/xcode/ext/nanogui/ext_build/glfw
  echo Build\\ all\\ projects
fi
if test \"$CONFIGURATION\" = \"MinSizeRel\"; then :
  cd /Users/seenum/cs184/Bubble_Rings/sim/xcode/ext/nanogui/ext_build/glfw
  echo Build\\ all\\ projects
fi
if test \"$CONFIGURATION\" = \"RelWithDebInfo\"; then :
  cd /Users/seenum/cs184/Bubble_Rings/sim/xcode/ext/nanogui/ext_build/glfw
  echo Build\\ all\\ projects
fi
";
			showEnvVarsInLog = 0;
		};
		3C0110FC8322DE7E50886E21 = {
			isa = PBXShellScriptBuildPhase;
			buildActionMask = 2147483647;
			files = (
			);
			inputPaths = (
			);
			outputPaths = (
			);
			runOnlyForDeploymentPostprocessing = 0;
			shellPath = /bin/sh;
			shellScript = "# shell script goes here
exit 0";
			showEnvVarsInLog = 0;
		};
		87AF4882E018677E2624B544 = {
			isa = PBXShellScriptBuildPhase;
			buildActionMask = 2147483647;
			files = (
			);
			inputPaths = (
			);
			outputPaths = (
			);
			runOnlyForDeploymentPostprocessing = 0;
			shellPath = /bin/sh;
			shellScript = "# shell script goes here
exit 0";
			showEnvVarsInLog = 0;
		};
		93426DA6A4AC2C2AC9CE883C /* CMake PostBuild Rules */ = {
			isa = PBXShellScriptBuildPhase;
			alwaysOutOfDate = 1;
			buildActionMask = 2147483647;
			files = (
			);
			name = "CMake PostBuild Rules";
			outputPaths = (
			);
			runOnlyForDeploymentPostprocessing = 0;
			shellPath = /bin/sh;
			shellScript = "set -e
if test \"$CONFIGURATION\" = \"Debug\"; then :
  cd /Users/seenum/cs184/Bubble_Rings/sim/xcode/ext/nanogui/ext_build/glfw
  /usr/local/Cellar/cmake/3.22.2/bin/cmake -DBUILD_TYPE=$CONFIGURATION$EFFECTIVE_PLATFORM_NAME -P cmake_install.cmake
fi
if test \"$CONFIGURATION\" = \"Release\"; then :
  cd /Users/seenum/cs184/Bubble_Rings/sim/xcode/ext/nanogui/ext_build/glfw
  /usr/local/Cellar/cmake/3.22.2/bin/cmake -DBUILD_TYPE=$CONFIGURATION$EFFECTIVE_PLATFORM_NAME -P cmake_install.cmake
fi
if test \"$CONFIGURATION\" = \"MinSizeRel\"; then :
  cd /Users/seenum/cs184/Bubble_Rings/sim/xcode/ext/nanogui/ext_build/glfw
  /usr/local/Cellar/cmake/3.22.2/bin/cmake -DBUILD_TYPE=$CONFIGURATION$EFFECTIVE_PLATFORM_NAME -P cmake_install.cmake
fi
if test \"$CONFIGURATION\" = \"RelWithDebInfo\"; then :
  cd /Users/seenum/cs184/Bubble_Rings/sim/xcode/ext/nanogui/ext_build/glfw
  /usr/local/Cellar/cmake/3.22.2/bin/cmake -DBUILD_TYPE=$CONFIGURATION$EFFECTIVE_PLATFORM_NAME -P cmake_install.cmake
fi
";
			showEnvVarsInLog = 0;
		};
		9B50530E35CC49C82C2FACCF = {
			isa = PBXShellScriptBuildPhase;
			buildActionMask = 2147483647;
			files = (
			);
			inputPaths = (
			);
			outputPaths = (
			);
			runOnlyForDeploymentPostprocessing = 0;
			shellPath = /bin/sh;
			shellScript = "# shell script goes here
exit 0";
			showEnvVarsInLog = 0;
		};
		AD1D6540D49F6AB7FEF5FAF8 /* CMake PostBuild Rules */ = {
			isa = PBXShellScriptBuildPhase;
			alwaysOutOfDate = 1;
			buildActionMask = 2147483647;
			files = (
			);
			name = "CMake PostBuild Rules";
			outputPaths = (
			);
			runOnlyForDeploymentPostprocessing = 0;
			shellPath = /bin/sh;
			shellScript = "set -e
if test \"$CONFIGURATION\" = \"Debug\"; then :
  cd /Users/seenum/cs184/Bubble_Rings/sim/xcode/ext/nanogui/ext_build/glfw/src
  /usr/local/Cellar/cmake/3.22.2/bin/cmake -E cmake_symlink_library /Users/seenum/cs184/Bubble_Rings/sim/xcode/ext/nanogui/ext_build/glfw/src/Debug/libglfw.dylib /Users/seenum/cs184/Bubble_Rings/sim/xcode/ext/nanogui/ext_build/glfw/src/Debug/libglfw.dylib /Users/seenum/cs184/Bubble_Rings/sim/xcode/ext/nanogui/ext_build/glfw/src/Debug/libglfw.dylib
fi
if test \"$CONFIGURATION\" = \"Release\"; then :
  cd /Users/seenum/cs184/Bubble_Rings/sim/xcode/ext/nanogui/ext_build/glfw/src
  /usr/local/Cellar/cmake/3.22.2/bin/cmake -E cmake_symlink_library /Users/seenum/cs184/Bubble_Rings/sim/xcode/ext/nanogui/ext_build/glfw/src/Release/libglfw.dylib /Users/seenum/cs184/Bubble_Rings/sim/xcode/ext/nanogui/ext_build/glfw/src/Release/libglfw.dylib /Users/seenum/cs184/Bubble_Rings/sim/xcode/ext/nanogui/ext_build/glfw/src/Release/libglfw.dylib
fi
if test \"$CONFIGURATION\" = \"MinSizeRel\"; then :
  cd /Users/seenum/cs184/Bubble_Rings/sim/xcode/ext/nanogui/ext_build/glfw/src
  /usr/local/Cellar/cmake/3.22.2/bin/cmake -E cmake_symlink_library /Users/seenum/cs184/Bubble_Rings/sim/xcode/ext/nanogui/ext_build/glfw/src/MinSizeRel/libglfw.dylib /Users/seenum/cs184/Bubble_Rings/sim/xcode/ext/nanogui/ext_build/glfw/src/MinSizeRel/libglfw.dylib /Users/seenum/cs184/Bubble_Rings/sim/xcode/ext/nanogui/ext_build/glfw/src/MinSizeRel/libglfw.dylib
fi
if test \"$CONFIGURATION\" = \"RelWithDebInfo\"; then :
  cd /Users/seenum/cs184/Bubble_Rings/sim/xcode/ext/nanogui/ext_build/glfw/src
  /usr/local/Cellar/cmake/3.22.2/bin/cmake -E cmake_symlink_library /Users/seenum/cs184/Bubble_Rings/sim/xcode/ext/nanogui/ext_build/glfw/src/RelWithDebInfo/libglfw.dylib /Users/seenum/cs184/Bubble_Rings/sim/xcode/ext/nanogui/ext_build/glfw/src/RelWithDebInfo/libglfw.dylib /Users/seenum/cs184/Bubble_Rings/sim/xcode/ext/nanogui/ext_build/glfw/src/RelWithDebInfo/libglfw.dylib
fi
";
			showEnvVarsInLog = 0;
		};
		C8952B4D7554B5EFD7C18DDE /* Generate CMakeFiles/ZERO_CHECK */ = {
			isa = PBXShellScriptBuildPhase;
			alwaysOutOfDate = 1;
			buildActionMask = 2147483647;
			files = (
			);
			inputPaths = (
			);
			name = "Generate CMakeFiles/ZERO_CHECK";
			outputPaths = (
/Users/seenum/cs184/Bubble_Rings/sim/xcode/ext/nanogui/ext_build/glfw/CMakeFiles/ZERO_CHECK			);
			runOnlyForDeploymentPostprocessing = 0;
			shellPath = /bin/sh;
			shellScript = "set -e
if test \"$CONFIGURATION\" = \"Debug\"; then :
  cd /Users/seenum/cs184/Bubble_Rings/sim/xcode/ext/nanogui/ext_build/glfw
  make -f /Users/seenum/cs184/Bubble_Rings/sim/xcode/ext/nanogui/ext_build/glfw/CMakeScripts/ReRunCMake.make
fi
if test \"$CONFIGURATION\" = \"Release\"; then :
  cd /Users/seenum/cs184/Bubble_Rings/sim/xcode/ext/nanogui/ext_build/glfw
  make -f /Users/seenum/cs184/Bubble_Rings/sim/xcode/ext/nanogui/ext_build/glfw/CMakeScripts/ReRunCMake.make
fi
if test \"$CONFIGURATION\" = \"MinSizeRel\"; then :
  cd /Users/seenum/cs184/Bubble_Rings/sim/xcode/ext/nanogui/ext_build/glfw
  make -f /Users/seenum/cs184/Bubble_Rings/sim/xcode/ext/nanogui/ext_build/glfw/CMakeScripts/ReRunCMake.make
fi
if test \"$CONFIGURATION\" = \"RelWithDebInfo\"; then :
  cd /Users/seenum/cs184/Bubble_Rings/sim/xcode/ext/nanogui/ext_build/glfw
  make -f /Users/seenum/cs184/Bubble_Rings/sim/xcode/ext/nanogui/ext_build/glfw/CMakeScripts/ReRunCMake.make
fi
";
			showEnvVarsInLog = 0;
		};
/* End PBXShellScriptBuildPhase section */

/* Begin PBXSourcesBuildPhase section */
		56CBE217794041FFA0BFD4BD /* Sources */ = {
			isa = PBXSourcesBuildPhase;
			buildActionMask = 2147483647;
			files = (
				8C3FE0C7BB024C859D81D758 /* /Users/seenum/cs184/Bubble_Rings/sim/ext/nanogui/ext/glfw/src/cocoa_init.m */,
				CC1A2DD878A84B3DA44B033B /* /Users/seenum/cs184/Bubble_Rings/sim/ext/nanogui/ext/glfw/src/cocoa_joystick.m */,
				1E46A4F75BF640408BBF047B /* /Users/seenum/cs184/Bubble_Rings/sim/ext/nanogui/ext/glfw/src/cocoa_monitor.m */,
				11E6DD64AA2746FAA5BB254B /* /Users/seenum/cs184/Bubble_Rings/sim/ext/nanogui/ext/glfw/src/cocoa_time.c */,
				0A5E21FC9A92423599B7AD08 /* /Users/seenum/cs184/Bubble_Rings/sim/ext/nanogui/ext/glfw/src/cocoa_window.m */,
				127A6923B2AD40098AFFC513 /* /Users/seenum/cs184/Bubble_Rings/sim/ext/nanogui/ext/glfw/src/context.c */,
				A09A402085694386A25874FB /* /Users/seenum/cs184/Bubble_Rings/sim/ext/nanogui/ext/glfw/src/init.c */,
				8909CFC3C36A40FCB45EC3BC /* /Users/seenum/cs184/Bubble_Rings/sim/ext/nanogui/ext/glfw/src/input.c */,
				0E7F97566BCC4774956C7B0A /* /Users/seenum/cs184/Bubble_Rings/sim/ext/nanogui/ext/glfw/src/monitor.c */,
				3004BD71E54D49A6A8248FBD /* /Users/seenum/cs184/Bubble_Rings/sim/ext/nanogui/ext/glfw/src/nsgl_context.m */,
				77E07E5594FA40A4BF381FB0 /* /Users/seenum/cs184/Bubble_Rings/sim/ext/nanogui/ext/glfw/src/posix_tls.c */,
				D2B034A8279A4C2DB84E4A6C /* /Users/seenum/cs184/Bubble_Rings/sim/ext/nanogui/ext/glfw/src/vulkan.c */,
				AD47D4BA3FF34CCBB4AF937E /* /Users/seenum/cs184/Bubble_Rings/sim/ext/nanogui/ext/glfw/src/window.c */,
			);
			runOnlyForDeploymentPostprocessing = 0;
		};
/* End PBXSourcesBuildPhase section */

/* Begin PBXTargetDependency section */
		19CE415569BA4B1585425E52 /* PBXTargetDependency */ = {
			isa = PBXTargetDependency;
			target = 99E8EE4BF3E246E7A54C939E /* glfw_objects */;
			targetProxy = EAB5F3B11D1B4B1DB4A7C091 /* PBXContainerItemProxy */;
		};
		45CDEE6D7819425784F1DFEF /* PBXTargetDependency */ = {
			isa = PBXTargetDependency;
			target = 99E8EE4BF3E246E7A54C939E /* glfw_objects */;
			targetProxy = 0DE1DCF784724C0F8F1EC532 /* PBXContainerItemProxy */;
		};
		5F9B4EAFBE264A24ABC2D910 /* PBXTargetDependency */ = {
			isa = PBXTargetDependency;
			target = F9DA07B6DD624708B0D0BD62 /* ALL_BUILD */;
			targetProxy = 01DBB6EE8B0347AE90901E32 /* PBXContainerItemProxy */;
		};
		D87199467FD14B26A2073D19 /* PBXTargetDependency */ = {
			isa = PBXTargetDependency;
			target = 18CB3B7FF3A34D6D86898EC0 /* ZERO_CHECK */;
			targetProxy = 9EEE063F3C024483AA50B1D7 /* PBXContainerItemProxy */;
		};
/* End PBXTargetDependency section */

/* Begin XCBuildConfiguration section */
		03CB1E3686CB44B99ADBB7FC /* Debug */ = {
			isa = XCBuildConfiguration;
			buildSettings = {
				COMBINE_HIDPI_IMAGES = YES;
				CONFIGURATION_BUILD_DIR = /Users/seenum/cs184/Bubble_Rings/sim/xcode/ext/nanogui/ext_build/glfw/src/GLFW.build/Debug/glfw_objects.build/;
				GCC_GENERATE_DEBUGGING_SYMBOLS = YES;
				GCC_INLINES_ARE_PRIVATE_EXTERN = NO;
				GCC_OPTIMIZATION_LEVEL = 0;
				GCC_PREPROCESSOR_DEFINITIONS = ("'CMAKE_INTDIR=\"$(CONFIGURATION)$(EFFECTIVE_PLATFORM_NAME)\"'",_GLFW_USE_CONFIG_H,"$(inherited)");
				GCC_SYMBOLS_PRIVATE_EXTERN = NO;
				HEADER_SEARCH_PATHS = (/Users/seenum/cs184/Bubble_Rings/sim/ext/nanogui/ext/glfw/include,/Users/seenum/cs184/Bubble_Rings/sim/ext/nanogui/ext/glfw/src,/Users/seenum/cs184/Bubble_Rings/sim/xcode/ext/nanogui/ext_build/glfw/src,"$(inherited)");
				INSTALL_PATH = "";
				LIBRARY_STYLE = STATIC;
				OTHER_CFLAGS = (" -Wno-deprecated-declarations    -fPIC -Wall -Wno-deprecated-declarations -fno-common ","$(inherited)");
				OTHER_LIBTOOLFLAGS = ("");
				OTHER_REZFLAGS = "";
				PRODUCT_NAME = glfw_objects;
				SECTORDER_FLAGS = "";
				SYMROOT = /Users/seenum/cs184/Bubble_Rings/sim/xcode/ext/nanogui/ext_build/glfw/src;
				USE_HEADERMAP = NO;
				WARNING_CFLAGS = ("$(inherited)");
			};
			name = Debug;
		};
		25F87BD0BF2D456A8E178D6A /* RelWithDebInfo */ = {
			isa = XCBuildConfiguration;
			buildSettings = {
				COMBINE_HIDPI_IMAGES = YES;
				GCC_GENERATE_DEBUGGING_SYMBOLS = YES;
				GCC_INLINES_ARE_PRIVATE_EXTERN = NO;
				GCC_OPTIMIZATION_LEVEL = 0;
				GCC_PREPROCESSOR_DEFINITIONS = ("'CMAKE_INTDIR=\"$(CONFIGURATION)$(EFFECTIVE_PLATFORM_NAME)\"'","$(inherited)");
				GCC_SYMBOLS_PRIVATE_EXTERN = NO;
				INSTALL_PATH = "";
				OTHER_LDFLAGS = ("","$(inherited)");
				OTHER_REZFLAGS = "";
				PRODUCT_NAME = ALL_BUILD;
				SECTORDER_FLAGS = "";
				SYMROOT = /Users/seenum/cs184/Bubble_Rings/sim/xcode/ext/nanogui/ext_build/glfw;
				USE_HEADERMAP = NO;
				WARNING_CFLAGS = ("$(inherited)");
			};
			name = RelWithDebInfo;
		};
		2683F10F11454EEE8A8A68C6 /* Debug */ = {
			isa = XCBuildConfiguration;
			buildSettings = {
				COMBINE_HIDPI_IMAGES = YES;
				GCC_GENERATE_DEBUGGING_SYMBOLS = YES;
				GCC_INLINES_ARE_PRIVATE_EXTERN = NO;
				GCC_OPTIMIZATION_LEVEL = 0;
				GCC_PREPROCESSOR_DEFINITIONS = ("'CMAKE_INTDIR=\"$(CONFIGURATION)$(EFFECTIVE_PLATFORM_NAME)\"'","$(inherited)");
				GCC_SYMBOLS_PRIVATE_EXTERN = NO;
				INSTALL_PATH = "";
				OTHER_LDFLAGS = ("","$(inherited)");
				OTHER_REZFLAGS = "";
				PRODUCT_NAME = ALL_BUILD;
				SECTORDER_FLAGS = "";
				SYMROOT = /Users/seenum/cs184/Bubble_Rings/sim/xcode/ext/nanogui/ext_build/glfw;
				USE_HEADERMAP = NO;
				WARNING_CFLAGS = ("$(inherited)");
			};
			name = Debug;
		};
		28FA32B9B82E4D9EB318A730 /* RelWithDebInfo */ = {
			isa = XCBuildConfiguration;
			buildSettings = {
				COMBINE_HIDPI_IMAGES = YES;
				CONFIGURATION_BUILD_DIR = /Users/seenum/cs184/Bubble_Rings/sim/xcode/ext/nanogui/ext_build/glfw/src/GLFW.build/RelWithDebInfo/glfw_objects.build/;
				GCC_GENERATE_DEBUGGING_SYMBOLS = YES;
				GCC_INLINES_ARE_PRIVATE_EXTERN = NO;
				GCC_OPTIMIZATION_LEVEL = 2;
				GCC_PREPROCESSOR_DEFINITIONS = ("'CMAKE_INTDIR=\"$(CONFIGURATION)$(EFFECTIVE_PLATFORM_NAME)\"'",_GLFW_USE_CONFIG_H,"$(inherited)");
				GCC_SYMBOLS_PRIVATE_EXTERN = NO;
				HEADER_SEARCH_PATHS = (/Users/seenum/cs184/Bubble_Rings/sim/ext/nanogui/ext/glfw/include,/Users/seenum/cs184/Bubble_Rings/sim/ext/nanogui/ext/glfw/src,/Users/seenum/cs184/Bubble_Rings/sim/xcode/ext/nanogui/ext_build/glfw/src,"$(inherited)");
				INSTALL_PATH = "";
				LIBRARY_STYLE = STATIC;
				OTHER_CFLAGS = (" -Wno-deprecated-declarations        -DNDEBUG -fPIC -Wall -Wno-deprecated-declarations -fno-common ","$(inherited)");
				OTHER_LIBTOOLFLAGS = ("");
				OTHER_REZFLAGS = "";
				PRODUCT_NAME = glfw_objects;
				SECTORDER_FLAGS = "";
				SYMROOT = /Users/seenum/cs184/Bubble_Rings/sim/xcode/ext/nanogui/ext_build/glfw/src;
				USE_HEADERMAP = NO;
				WARNING_CFLAGS = ("$(inherited)");
			};
			name = RelWithDebInfo;
		};
		2B48B7F0C46C4A35A0E2C456 /* Debug */ = {
			isa = XCBuildConfiguration;
			buildSettings = {
				COMBINE_HIDPI_IMAGES = YES;
				CONFIGURATION_BUILD_DIR = /Users/seenum/cs184/Bubble_Rings/sim/xcode/ext/nanogui/ext_build/glfw/src/Debug;
				DYLIB_COMPATIBILITY_VERSION = "";
				DYLIB_CURRENT_VERSION = "";
				EXECUTABLE_PREFIX = lib;
				EXECUTABLE_SUFFIX = .dylib;
				GCC_GENERATE_DEBUGGING_SYMBOLS = YES;
				GCC_INLINES_ARE_PRIVATE_EXTERN = NO;
				GCC_OPTIMIZATION_LEVEL = 0;
				GCC_PREPROCESSOR_DEFINITIONS = ("'CMAKE_INTDIR=\"$(CONFIGURATION)$(EFFECTIVE_PLATFORM_NAME)\"'",glfw_EXPORTS,"$(inherited)");
				GCC_SYMBOLS_PRIVATE_EXTERN = NO;
				INSTALL_PATH = "@rpath";
				LIBRARY_STYLE = DYNAMIC;
				OTHER_CFLAGS = (" -Wno-deprecated-declarations    -fPIC ","$(inherited)");
				OTHER_LDFLAGS = (" -dynamiclib -Wl,-headerpad_max_install_names","/Users/seenum/cs184/Bubble_Rings/sim/xcode/ext/nanogui/ext_build/glfw/src/$(PROJECT_NAME).build/$(CONFIGURATION)$(EFFECTIVE_PLATFORM_NAME)/glfw_objects.build/$(OBJECT_FILE_DIR_normal:base)/x86_64/context.o","/Users/seenum/cs184/Bubble_Rings/sim/xcode/ext/nanogui/ext_build/glfw/src/$(PROJECT_NAME).build/$(CONFIGURATION)$(EFFECTIVE_PLATFORM_NAME)/glfw_objects.build/$(OBJECT_FILE_DIR_normal:base)/x86_64/init.o","/Users/seenum/cs184/Bubble_Rings/sim/xcode/ext/nanogui/ext_build/glfw/src/$(PROJECT_NAME).build/$(CONFIGURATION)$(EFFECTIVE_PLATFORM_NAME)/glfw_objects.build/$(OBJECT_FILE_DIR_normal:base)/x86_64/input.o","/Users/seenum/cs184/Bubble_Rings/sim/xcode/ext/nanogui/ext_build/glfw/src/$(PROJECT_NAME).build/$(CONFIGURATION)$(EFFECTIVE_PLATFORM_NAME)/glfw_objects.build/$(OBJECT_FILE_DIR_normal:base)/x86_64/monitor.o","/Users/seenum/cs184/Bubble_Rings/sim/xcode/ext/nanogui/ext_build/glfw/src/$(PROJECT_NAME).build/$(CONFIGURATION)$(EFFECTIVE_PLATFORM_NAME)/glfw_objects.build/$(OBJECT_FILE_DIR_normal:base)/x86_64/vulkan.o","/Users/seenum/cs184/Bubble_Rings/sim/xcode/ext/nanogui/ext_build/glfw/src/$(PROJECT_NAME).build/$(CONFIGURATION)$(EFFECTIVE_PLATFORM_NAME)/glfw_objects.build/$(OBJECT_FILE_DIR_normal:base)/x86_64/window.o","/Users/seenum/cs184/Bubble_Rings/sim/xcode/ext/nanogui/ext_build/glfw/src/$(PROJECT_NAME).build/$(CONFIGURATION)$(EFFECTIVE_PLATFORM_NAME)/glfw_objects.build/$(OBJECT_FILE_DIR_normal:base)/x86_64/cocoa_init.o","/Users/seenum/cs184/Bubble_Rings/sim/xcode/ext/nanogui/ext_build/glfw/src/$(PROJECT_NAME).build/$(CONFIGURATION)$(EFFECTIVE_PLATFORM_NAME)/glfw_objects.build/$(OBJECT_FILE_DIR_normal:base)/x86_64/cocoa_joystick.o","/Users/seenum/cs184/Bubble_Rings/sim/xcode/ext/nanogui/ext_build/glfw/src/$(PROJECT_NAME).build/$(CONFIGURATION)$(EFFECTIVE_PLATFORM_NAME)/glfw_objects.build/$(OBJECT_FILE_DIR_normal:base)/x86_64/cocoa_monitor.o","/Users/seenum/cs184/Bubble_Rings/sim/xcode/ext/nanogui/ext_build/glfw/src/$(PROJECT_NAME).build/$(CONFIGURATION)$(EFFECTIVE_PLATFORM_NAME)/glfw_objects.build/$(OBJECT_FILE_DIR_normal:base)/x86_64/cocoa_window.o","/Users/seenum/cs184/Bubble_Rings/sim/xcode/ext/nanogui/ext_build/glfw/src/$(PROJECT_NAME).build/$(CONFIGURATION)$(EFFECTIVE_PLATFORM_NAME)/glfw_objects.build/$(OBJECT_FILE_DIR_normal:base)/x86_64/cocoa_time.o","/Users/seenum/cs184/Bubble_Rings/sim/xcode/ext/nanogui/ext_build/glfw/src/$(PROJECT_NAME).build/$(CONFIGURATION)$(EFFECTIVE_PLATFORM_NAME)/glfw_objects.build/$(OBJECT_FILE_DIR_normal:base)/x86_64/posix_tls.o","/Users/seenum/cs184/Bubble_Rings/sim/xcode/ext/nanogui/ext_build/glfw/src/$(PROJECT_NAME).build/$(CONFIGURATION)$(EFFECTIVE_PLATFORM_NAME)/glfw_objects.build/$(OBJECT_FILE_DIR_normal:base)/x86_64/nsgl_context.o","-framework Cocoa","-framework IOKit","-framework CoreFoundation","-framework CoreVideo","$(inherited)");
				OTHER_REZFLAGS = "";
				PRODUCT_NAME = glfw;
				SECTORDER_FLAGS = "";
				SYMROOT = /Users/seenum/cs184/Bubble_Rings/sim/xcode/ext/nanogui/ext_build/glfw/src;
				USE_HEADERMAP = NO;
				WARNING_CFLAGS = ("$(inherited)");
			};
			name = Debug;
		};
		2E0C7EB1DCAE478CA5E81F37 /* MinSizeRel */ = {
			isa = XCBuildConfiguration;
			buildSettings = {
				ARCHS = "$(NATIVE_ARCH_ACTUAL)";
				ONLY_ACTIVE_ARCH = YES;
				SDKROOT = /Applications/Xcode.app/Contents/Developer/Platforms/MacOSX.platform/Developer/SDKs/MacOSX12.1.sdk;
				SYMROOT = /Users/seenum/cs184/Bubble_Rings/sim/xcode/ext/nanogui/ext_build/glfw/build;
			};
			name = MinSizeRel;
		};
		2F718E6613124911A7F40249 /* Release */ = {
			isa = XCBuildConfiguration;
			buildSettings = {
				COMBINE_HIDPI_IMAGES = YES;
				CONFIGURATION_BUILD_DIR = /Users/seenum/cs184/Bubble_Rings/sim/xcode/ext/nanogui/ext_build/glfw/src/GLFW.build/Release/glfw_objects.build/;
				GCC_GENERATE_DEBUGGING_SYMBOLS = NO;
				GCC_INLINES_ARE_PRIVATE_EXTERN = NO;
				GCC_OPTIMIZATION_LEVEL = 3;
				GCC_PREPROCESSOR_DEFINITIONS = ("'CMAKE_INTDIR=\"$(CONFIGURATION)$(EFFECTIVE_PLATFORM_NAME)\"'",_GLFW_USE_CONFIG_H,"$(inherited)");
				GCC_SYMBOLS_PRIVATE_EXTERN = NO;
				HEADER_SEARCH_PATHS = (/Users/seenum/cs184/Bubble_Rings/sim/ext/nanogui/ext/glfw/include,/Users/seenum/cs184/Bubble_Rings/sim/ext/nanogui/ext/glfw/src,/Users/seenum/cs184/Bubble_Rings/sim/xcode/ext/nanogui/ext_build/glfw/src,"$(inherited)");
				INSTALL_PATH = "";
				LIBRARY_STYLE = STATIC;
				OTHER_CFLAGS = (" -Wno-deprecated-declarations     -DNDEBUG -fPIC -Wall -Wno-deprecated-declarations -fno-common ","$(inherited)");
				OTHER_LIBTOOLFLAGS = ("");
				OTHER_REZFLAGS = "";
				PRODUCT_NAME = glfw_objects;
				SECTORDER_FLAGS = "";
				SYMROOT = /Users/seenum/cs184/Bubble_Rings/sim/xcode/ext/nanogui/ext_build/glfw/src;
				USE_HEADERMAP = NO;
				WARNING_CFLAGS = ("$(inherited)");
			};
			name = Release;
		};
		574DB29ED8C34D2E93934893 /* Debug */ = {
			isa = XCBuildConfiguration;
			buildSettings = {
				COMBINE_HIDPI_IMAGES = YES;
				GCC_GENERATE_DEBUGGING_SYMBOLS = YES;
				GCC_INLINES_ARE_PRIVATE_EXTERN = NO;
				GCC_OPTIMIZATION_LEVEL = 0;
				GCC_PREPROCESSOR_DEFINITIONS = ("'CMAKE_INTDIR=\"$(CONFIGURATION)$(EFFECTIVE_PLATFORM_NAME)\"'","$(inherited)");
				GCC_SYMBOLS_PRIVATE_EXTERN = NO;
				INSTALL_PATH = "";
				OTHER_LDFLAGS = ("","$(inherited)");
				OTHER_REZFLAGS = "";
				PRODUCT_NAME = install;
				SECTORDER_FLAGS = "";
				SYMROOT = /Users/seenum/cs184/Bubble_Rings/sim/xcode/ext/nanogui/ext_build/glfw;
				USE_HEADERMAP = NO;
				WARNING_CFLAGS = ("$(inherited)");
			};
			name = Debug;
		};
		7206B0BBDC294AF0893E4A94 /* RelWithDebInfo */ = {
			isa = XCBuildConfiguration;
			buildSettings = {
				COMBINE_HIDPI_IMAGES = YES;
				GCC_GENERATE_DEBUGGING_SYMBOLS = YES;
				GCC_INLINES_ARE_PRIVATE_EXTERN = NO;
				GCC_OPTIMIZATION_LEVEL = 0;
				GCC_PREPROCESSOR_DEFINITIONS = ("'CMAKE_INTDIR=\"$(CONFIGURATION)$(EFFECTIVE_PLATFORM_NAME)\"'","$(inherited)");
				GCC_SYMBOLS_PRIVATE_EXTERN = NO;
				INSTALL_PATH = "";
				OTHER_LDFLAGS = ("","$(inherited)");
				OTHER_REZFLAGS = "";
				PRODUCT_NAME = install;
				SECTORDER_FLAGS = "";
				SYMROOT = /Users/seenum/cs184/Bubble_Rings/sim/xcode/ext/nanogui/ext_build/glfw;
				USE_HEADERMAP = NO;
				WARNING_CFLAGS = ("$(inherited)");
			};
			name = RelWithDebInfo;
		};
		78B35D80B257451B813110D6 /* RelWithDebInfo */ = {
			isa = XCBuildConfiguration;
			buildSettings = {
				COMBINE_HIDPI_IMAGES = YES;
				GCC_GENERATE_DEBUGGING_SYMBOLS = YES;
				GCC_INLINES_ARE_PRIVATE_EXTERN = NO;
				GCC_OPTIMIZATION_LEVEL = 0;
				GCC_PREPROCESSOR_DEFINITIONS = ("'CMAKE_INTDIR=\"$(CONFIGURATION)$(EFFECTIVE_PLATFORM_NAME)\"'","$(inherited)");
				GCC_SYMBOLS_PRIVATE_EXTERN = NO;
				INSTALL_PATH = "";
				OTHER_LDFLAGS = ("","$(inherited)");
				OTHER_REZFLAGS = "";
				PRODUCT_NAME = ZERO_CHECK;
				SECTORDER_FLAGS = "";
				SYMROOT = /Users/seenum/cs184/Bubble_Rings/sim/xcode/ext/nanogui/ext_build/glfw;
				USE_HEADERMAP = NO;
				WARNING_CFLAGS = ("$(inherited)");
			};
			name = RelWithDebInfo;
		};
		78FD3FB188F6489990E52BE0 /* Release */ = {
			isa = XCBuildConfiguration;
			buildSettings = {
				COMBINE_HIDPI_IMAGES = YES;
				GCC_GENERATE_DEBUGGING_SYMBOLS = YES;
				GCC_INLINES_ARE_PRIVATE_EXTERN = NO;
				GCC_OPTIMIZATION_LEVEL = 0;
				GCC_PREPROCESSOR_DEFINITIONS = ("'CMAKE_INTDIR=\"$(CONFIGURATION)$(EFFECTIVE_PLATFORM_NAME)\"'","$(inherited)");
				GCC_SYMBOLS_PRIVATE_EXTERN = NO;
				INSTALL_PATH = "";
				OTHER_LDFLAGS = ("","$(inherited)");
				OTHER_REZFLAGS = "";
				PRODUCT_NAME = install;
				SECTORDER_FLAGS = "";
				SYMROOT = /Users/seenum/cs184/Bubble_Rings/sim/xcode/ext/nanogui/ext_build/glfw;
				USE_HEADERMAP = NO;
				WARNING_CFLAGS = ("$(inherited)");
			};
			name = Release;
		};
		8ECC294F11064D14BC132AE6 /* Release */ = {
			isa = XCBuildConfiguration;
			buildSettings = {
				COMBINE_HIDPI_IMAGES = YES;
				GCC_GENERATE_DEBUGGING_SYMBOLS = YES;
				GCC_INLINES_ARE_PRIVATE_EXTERN = NO;
				GCC_OPTIMIZATION_LEVEL = 0;
				GCC_PREPROCESSOR_DEFINITIONS = ("'CMAKE_INTDIR=\"$(CONFIGURATION)$(EFFECTIVE_PLATFORM_NAME)\"'","$(inherited)");
				GCC_SYMBOLS_PRIVATE_EXTERN = NO;
				INSTALL_PATH = "";
				OTHER_LDFLAGS = ("","$(inherited)");
				OTHER_REZFLAGS = "";
				PRODUCT_NAME = ZERO_CHECK;
				SECTORDER_FLAGS = "";
				SYMROOT = /Users/seenum/cs184/Bubble_Rings/sim/xcode/ext/nanogui/ext_build/glfw;
				USE_HEADERMAP = NO;
				WARNING_CFLAGS = ("$(inherited)");
			};
			name = Release;
		};
		8F7BDB1BA4F04723A2BB4F57 /* RelWithDebInfo */ = {
			isa = XCBuildConfiguration;
			buildSettings = {
				ARCHS = "$(NATIVE_ARCH_ACTUAL)";
				ONLY_ACTIVE_ARCH = YES;
				SDKROOT = /Applications/Xcode.app/Contents/Developer/Platforms/MacOSX.platform/Developer/SDKs/MacOSX12.1.sdk;
				SYMROOT = /Users/seenum/cs184/Bubble_Rings/sim/xcode/ext/nanogui/ext_build/glfw/build;
			};
			name = RelWithDebInfo;
		};
		9A88362963B54C548040BCC6 /* MinSizeRel */ = {
			isa = XCBuildConfiguration;
			buildSettings = {
				COMBINE_HIDPI_IMAGES = YES;
				GCC_GENERATE_DEBUGGING_SYMBOLS = YES;
				GCC_INLINES_ARE_PRIVATE_EXTERN = NO;
				GCC_OPTIMIZATION_LEVEL = 0;
				GCC_PREPROCESSOR_DEFINITIONS = ("'CMAKE_INTDIR=\"$(CONFIGURATION)$(EFFECTIVE_PLATFORM_NAME)\"'","$(inherited)");
				GCC_SYMBOLS_PRIVATE_EXTERN = NO;
				INSTALL_PATH = "";
				OTHER_LDFLAGS = ("","$(inherited)");
				OTHER_REZFLAGS = "";
				PRODUCT_NAME = ZERO_CHECK;
				SECTORDER_FLAGS = "";
				SYMROOT = /Users/seenum/cs184/Bubble_Rings/sim/xcode/ext/nanogui/ext_build/glfw;
				USE_HEADERMAP = NO;
				WARNING_CFLAGS = ("$(inherited)");
			};
			name = MinSizeRel;
		};
		A4C86FE2C6C143B68C6D1C74 /* Debug */ = {
			isa = XCBuildConfiguration;
			buildSettings = {
				COMBINE_HIDPI_IMAGES = YES;
				GCC_GENERATE_DEBUGGING_SYMBOLS = YES;
				GCC_INLINES_ARE_PRIVATE_EXTERN = NO;
				GCC_OPTIMIZATION_LEVEL = 0;
				GCC_PREPROCESSOR_DEFINITIONS = ("'CMAKE_INTDIR=\"$(CONFIGURATION)$(EFFECTIVE_PLATFORM_NAME)\"'","$(inherited)");
				GCC_SYMBOLS_PRIVATE_EXTERN = NO;
				INSTALL_PATH = "";
				OTHER_LDFLAGS = ("","$(inherited)");
				OTHER_REZFLAGS = "";
				PRODUCT_NAME = ZERO_CHECK;
				SECTORDER_FLAGS = "";
				SYMROOT = /Users/seenum/cs184/Bubble_Rings/sim/xcode/ext/nanogui/ext_build/glfw;
				USE_HEADERMAP = NO;
				WARNING_CFLAGS = ("$(inherited)");
			};
			name = Debug;
		};
		A7CA4EB88E7744FDA2400164 /* Release */ = {
			isa = XCBuildConfiguration;
			buildSettings = {
				COMBINE_HIDPI_IMAGES = YES;
				GCC_GENERATE_DEBUGGING_SYMBOLS = YES;
				GCC_INLINES_ARE_PRIVATE_EXTERN = NO;
				GCC_OPTIMIZATION_LEVEL = 0;
				GCC_PREPROCESSOR_DEFINITIONS = ("'CMAKE_INTDIR=\"$(CONFIGURATION)$(EFFECTIVE_PLATFORM_NAME)\"'","$(inherited)");
				GCC_SYMBOLS_PRIVATE_EXTERN = NO;
				INSTALL_PATH = "";
				OTHER_LDFLAGS = ("","$(inherited)");
				OTHER_REZFLAGS = "";
				PRODUCT_NAME = ALL_BUILD;
				SECTORDER_FLAGS = "";
				SYMROOT = /Users/seenum/cs184/Bubble_Rings/sim/xcode/ext/nanogui/ext_build/glfw;
				USE_HEADERMAP = NO;
				WARNING_CFLAGS = ("$(inherited)");
			};
			name = Release;
		};
		B6D54F38B5564EE48FAB5726 /* MinSizeRel */ = {
			isa = XCBuildConfiguration;
			buildSettings = {
				COMBINE_HIDPI_IMAGES = YES;
				CONFIGURATION_BUILD_DIR = /Users/seenum/cs184/Bubble_Rings/sim/xcode/ext/nanogui/ext_build/glfw/src/GLFW.build/MinSizeRel/glfw_objects.build/;
				GCC_GENERATE_DEBUGGING_SYMBOLS = NO;
				GCC_INLINES_ARE_PRIVATE_EXTERN = NO;
				GCC_OPTIMIZATION_LEVEL = s;
				GCC_PREPROCESSOR_DEFINITIONS = ("'CMAKE_INTDIR=\"$(CONFIGURATION)$(EFFECTIVE_PLATFORM_NAME)\"'",_GLFW_USE_CONFIG_H,"$(inherited)");
				GCC_SYMBOLS_PRIVATE_EXTERN = NO;
				HEADER_SEARCH_PATHS = (/Users/seenum/cs184/Bubble_Rings/sim/ext/nanogui/ext/glfw/include,/Users/seenum/cs184/Bubble_Rings/sim/ext/nanogui/ext/glfw/src,/Users/seenum/cs184/Bubble_Rings/sim/xcode/ext/nanogui/ext_build/glfw/src,"$(inherited)");
				INSTALL_PATH = "";
				LIBRARY_STYLE = STATIC;
				OTHER_CFLAGS = (" -Wno-deprecated-declarations     -DNDEBUG -fPIC -Wall -Wno-deprecated-declarations -fno-common ","$(inherited)");
				OTHER_LIBTOOLFLAGS = ("");
				OTHER_REZFLAGS = "";
				PRODUCT_NAME = glfw_objects;
				SECTORDER_FLAGS = "";
				SYMROOT = /Users/seenum/cs184/Bubble_Rings/sim/xcode/ext/nanogui/ext_build/glfw/src;
				USE_HEADERMAP = NO;
				WARNING_CFLAGS = ("$(inherited)");
			};
			name = MinSizeRel;
		};
		C96D33968A5742C6B24B8ACF /* MinSizeRel */ = {
			isa = XCBuildConfiguration;
			buildSettings = {
				COMBINE_HIDPI_IMAGES = YES;
				CONFIGURATION_BUILD_DIR = /Users/seenum/cs184/Bubble_Rings/sim/xcode/ext/nanogui/ext_build/glfw/src/MinSizeRel;
				DYLIB_COMPATIBILITY_VERSION = "";
				DYLIB_CURRENT_VERSION = "";
				EXECUTABLE_PREFIX = lib;
				EXECUTABLE_SUFFIX = .dylib;
				GCC_GENERATE_DEBUGGING_SYMBOLS = NO;
				GCC_INLINES_ARE_PRIVATE_EXTERN = NO;
				GCC_OPTIMIZATION_LEVEL = s;
				GCC_PREPROCESSOR_DEFINITIONS = ("'CMAKE_INTDIR=\"$(CONFIGURATION)$(EFFECTIVE_PLATFORM_NAME)\"'",glfw_EXPORTS,"$(inherited)");
				GCC_SYMBOLS_PRIVATE_EXTERN = NO;
				INSTALL_PATH = "@rpath";
				LIBRARY_STYLE = DYNAMIC;
				OTHER_CFLAGS = (" -Wno-deprecated-declarations     -DNDEBUG -fPIC ","$(inherited)");
				OTHER_LDFLAGS = (" -dynamiclib -Wl,-headerpad_max_install_names","/Users/seenum/cs184/Bubble_Rings/sim/xcode/ext/nanogui/ext_build/glfw/src/$(PROJECT_NAME).build/$(CONFIGURATION)$(EFFECTIVE_PLATFORM_NAME)/glfw_objects.build/$(OBJECT_FILE_DIR_normal:base)/x86_64/context.o","/Users/seenum/cs184/Bubble_Rings/sim/xcode/ext/nanogui/ext_build/glfw/src/$(PROJECT_NAME).build/$(CONFIGURATION)$(EFFECTIVE_PLATFORM_NAME)/glfw_objects.build/$(OBJECT_FILE_DIR_normal:base)/x86_64/init.o","/Users/seenum/cs184/Bubble_Rings/sim/xcode/ext/nanogui/ext_build/glfw/src/$(PROJECT_NAME).build/$(CONFIGURATION)$(EFFECTIVE_PLATFORM_NAME)/glfw_objects.build/$(OBJECT_FILE_DIR_normal:base)/x86_64/input.o","/Users/seenum/cs184/Bubble_Rings/sim/xcode/ext/nanogui/ext_build/glfw/src/$(PROJECT_NAME).build/$(CONFIGURATION)$(EFFECTIVE_PLATFORM_NAME)/glfw_objects.build/$(OBJECT_FILE_DIR_normal:base)/x86_64/monitor.o","/Users/seenum/cs184/Bubble_Rings/sim/xcode/ext/nanogui/ext_build/glfw/src/$(PROJECT_NAME).build/$(CONFIGURATION)$(EFFECTIVE_PLATFORM_NAME)/glfw_objects.build/$(OBJECT_FILE_DIR_normal:base)/x86_64/vulkan.o","/Users/seenum/cs184/Bubble_Rings/sim/xcode/ext/nanogui/ext_build/glfw/src/$(PROJECT_NAME).build/$(CONFIGURATION)$(EFFECTIVE_PLATFORM_NAME)/glfw_objects.build/$(OBJECT_FILE_DIR_normal:base)/x86_64/window.o","/Users/seenum/cs184/Bubble_Rings/sim/xcode/ext/nanogui/ext_build/glfw/src/$(PROJECT_NAME).build/$(CONFIGURATION)$(EFFECTIVE_PLATFORM_NAME)/glfw_objects.build/$(OBJECT_FILE_DIR_normal:base)/x86_64/cocoa_init.o","/Users/seenum/cs184/Bubble_Rings/sim/xcode/ext/nanogui/ext_build/glfw/src/$(PROJECT_NAME).build/$(CONFIGURATION)$(EFFECTIVE_PLATFORM_NAME)/glfw_objects.build/$(OBJECT_FILE_DIR_normal:base)/x86_64/cocoa_joystick.o","/Users/seenum/cs184/Bubble_Rings/sim/xcode/ext/nanogui/ext_build/glfw/src/$(PROJECT_NAME).build/$(CONFIGURATION)$(EFFECTIVE_PLATFORM_NAME)/glfw_objects.build/$(OBJECT_FILE_DIR_normal:base)/x86_64/cocoa_monitor.o","/Users/seenum/cs184/Bubble_Rings/sim/xcode/ext/nanogui/ext_build/glfw/src/$(PROJECT_NAME).build/$(CONFIGURATION)$(EFFECTIVE_PLATFORM_NAME)/glfw_objects.build/$(OBJECT_FILE_DIR_normal:base)/x86_64/cocoa_window.o","/Users/seenum/cs184/Bubble_Rings/sim/xcode/ext/nanogui/ext_build/glfw/src/$(PROJECT_NAME).build/$(CONFIGURATION)$(EFFECTIVE_PLATFORM_NAME)/glfw_objects.build/$(OBJECT_FILE_DIR_normal:base)/x86_64/cocoa_time.o","/Users/seenum/cs184/Bubble_Rings/sim/xcode/ext/nanogui/ext_build/glfw/src/$(PROJECT_NAME).build/$(CONFIGURATION)$(EFFECTIVE_PLATFORM_NAME)/glfw_objects.build/$(OBJECT_FILE_DIR_normal:base)/x86_64/posix_tls.o","/Users/seenum/cs184/Bubble_Rings/sim/xcode/ext/nanogui/ext_build/glfw/src/$(PROJECT_NAME).build/$(CONFIGURATION)$(EFFECTIVE_PLATFORM_NAME)/glfw_objects.build/$(OBJECT_FILE_DIR_normal:base)/x86_64/nsgl_context.o","-framework Cocoa","-framework IOKit","-framework CoreFoundation","-framework CoreVideo","$(inherited)");
				OTHER_REZFLAGS = "";
				PRODUCT_NAME = glfw;
				SECTORDER_FLAGS = "";
				SYMROOT = /Users/seenum/cs184/Bubble_Rings/sim/xcode/ext/nanogui/ext_build/glfw/src;
				USE_HEADERMAP = NO;
				WARNING_CFLAGS = ("$(inherited)");
			};
			name = MinSizeRel;
		};
		C9E37C30BC2147C99746466D /* Release */ = {
			isa = XCBuildConfiguration;
			buildSettings = {
				COMBINE_HIDPI_IMAGES = YES;
				CONFIGURATION_BUILD_DIR = /Users/seenum/cs184/Bubble_Rings/sim/xcode/ext/nanogui/ext_build/glfw/src/Release;
				DYLIB_COMPATIBILITY_VERSION = "";
				DYLIB_CURRENT_VERSION = "";
				EXECUTABLE_PREFIX = lib;
				EXECUTABLE_SUFFIX = .dylib;
				GCC_GENERATE_DEBUGGING_SYMBOLS = NO;
				GCC_INLINES_ARE_PRIVATE_EXTERN = NO;
				GCC_OPTIMIZATION_LEVEL = 3;
				GCC_PREPROCESSOR_DEFINITIONS = ("'CMAKE_INTDIR=\"$(CONFIGURATION)$(EFFECTIVE_PLATFORM_NAME)\"'",glfw_EXPORTS,"$(inherited)");
				GCC_SYMBOLS_PRIVATE_EXTERN = NO;
				INSTALL_PATH = "@rpath";
				LIBRARY_STYLE = DYNAMIC;
				OTHER_CFLAGS = (" -Wno-deprecated-declarations     -DNDEBUG -fPIC ","$(inherited)");
				OTHER_LDFLAGS = (" -dynamiclib -Wl,-headerpad_max_install_names","/Users/seenum/cs184/Bubble_Rings/sim/xcode/ext/nanogui/ext_build/glfw/src/$(PROJECT_NAME).build/$(CONFIGURATION)$(EFFECTIVE_PLATFORM_NAME)/glfw_objects.build/$(OBJECT_FILE_DIR_normal:base)/x86_64/context.o","/Users/seenum/cs184/Bubble_Rings/sim/xcode/ext/nanogui/ext_build/glfw/src/$(PROJECT_NAME).build/$(CONFIGURATION)$(EFFECTIVE_PLATFORM_NAME)/glfw_objects.build/$(OBJECT_FILE_DIR_normal:base)/x86_64/init.o","/Users/seenum/cs184/Bubble_Rings/sim/xcode/ext/nanogui/ext_build/glfw/src/$(PROJECT_NAME).build/$(CONFIGURATION)$(EFFECTIVE_PLATFORM_NAME)/glfw_objects.build/$(OBJECT_FILE_DIR_normal:base)/x86_64/input.o","/Users/seenum/cs184/Bubble_Rings/sim/xcode/ext/nanogui/ext_build/glfw/src/$(PROJECT_NAME).build/$(CONFIGURATION)$(EFFECTIVE_PLATFORM_NAME)/glfw_objects.build/$(OBJECT_FILE_DIR_normal:base)/x86_64/monitor.o","/Users/seenum/cs184/Bubble_Rings/sim/xcode/ext/nanogui/ext_build/glfw/src/$(PROJECT_NAME).build/$(CONFIGURATION)$(EFFECTIVE_PLATFORM_NAME)/glfw_objects.build/$(OBJECT_FILE_DIR_normal:base)/x86_64/vulkan.o","/Users/seenum/cs184/Bubble_Rings/sim/xcode/ext/nanogui/ext_build/glfw/src/$(PROJECT_NAME).build/$(CONFIGURATION)$(EFFECTIVE_PLATFORM_NAME)/glfw_objects.build/$(OBJECT_FILE_DIR_normal:base)/x86_64/window.o","/Users/seenum/cs184/Bubble_Rings/sim/xcode/ext/nanogui/ext_build/glfw/src/$(PROJECT_NAME).build/$(CONFIGURATION)$(EFFECTIVE_PLATFORM_NAME)/glfw_objects.build/$(OBJECT_FILE_DIR_normal:base)/x86_64/cocoa_init.o","/Users/seenum/cs184/Bubble_Rings/sim/xcode/ext/nanogui/ext_build/glfw/src/$(PROJECT_NAME).build/$(CONFIGURATION)$(EFFECTIVE_PLATFORM_NAME)/glfw_objects.build/$(OBJECT_FILE_DIR_normal:base)/x86_64/cocoa_joystick.o","/Users/seenum/cs184/Bubble_Rings/sim/xcode/ext/nanogui/ext_build/glfw/src/$(PROJECT_NAME).build/$(CONFIGURATION)$(EFFECTIVE_PLATFORM_NAME)/glfw_objects.build/$(OBJECT_FILE_DIR_normal:base)/x86_64/cocoa_monitor.o","/Users/seenum/cs184/Bubble_Rings/sim/xcode/ext/nanogui/ext_build/glfw/src/$(PROJECT_NAME).build/$(CONFIGURATION)$(EFFECTIVE_PLATFORM_NAME)/glfw_objects.build/$(OBJECT_FILE_DIR_normal:base)/x86_64/cocoa_window.o","/Users/seenum/cs184/Bubble_Rings/sim/xcode/ext/nanogui/ext_build/glfw/src/$(PROJECT_NAME).build/$(CONFIGURATION)$(EFFECTIVE_PLATFORM_NAME)/glfw_objects.build/$(OBJECT_FILE_DIR_normal:base)/x86_64/cocoa_time.o","/Users/seenum/cs184/Bubble_Rings/sim/xcode/ext/nanogui/ext_build/glfw/src/$(PROJECT_NAME).build/$(CONFIGURATION)$(EFFECTIVE_PLATFORM_NAME)/glfw_objects.build/$(OBJECT_FILE_DIR_normal:base)/x86_64/posix_tls.o","/Users/seenum/cs184/Bubble_Rings/sim/xcode/ext/nanogui/ext_build/glfw/src/$(PROJECT_NAME).build/$(CONFIGURATION)$(EFFECTIVE_PLATFORM_NAME)/glfw_objects.build/$(OBJECT_FILE_DIR_normal:base)/x86_64/nsgl_context.o","-framework Cocoa","-framework IOKit","-framework CoreFoundation","-framework CoreVideo","$(inherited)");
				OTHER_REZFLAGS = "";
				PRODUCT_NAME = glfw;
				SECTORDER_FLAGS = "";
				SYMROOT = /Users/seenum/cs184/Bubble_Rings/sim/xcode/ext/nanogui/ext_build/glfw/src;
				USE_HEADERMAP = NO;
				WARNING_CFLAGS = ("$(inherited)");
			};
			name = Release;
		};
		D1347BB181D84E3BA71D200A /* RelWithDebInfo */ = {
			isa = XCBuildConfiguration;
			buildSettings = {
				COMBINE_HIDPI_IMAGES = YES;
				CONFIGURATION_BUILD_DIR = /Users/seenum/cs184/Bubble_Rings/sim/xcode/ext/nanogui/ext_build/glfw/src/RelWithDebInfo;
				DYLIB_COMPATIBILITY_VERSION = "";
				DYLIB_CURRENT_VERSION = "";
				EXECUTABLE_PREFIX = lib;
				EXECUTABLE_SUFFIX = .dylib;
				GCC_GENERATE_DEBUGGING_SYMBOLS = YES;
				GCC_INLINES_ARE_PRIVATE_EXTERN = NO;
				GCC_OPTIMIZATION_LEVEL = 2;
				GCC_PREPROCESSOR_DEFINITIONS = ("'CMAKE_INTDIR=\"$(CONFIGURATION)$(EFFECTIVE_PLATFORM_NAME)\"'",glfw_EXPORTS,"$(inherited)");
				GCC_SYMBOLS_PRIVATE_EXTERN = NO;
				INSTALL_PATH = "@rpath";
				LIBRARY_STYLE = DYNAMIC;
				OTHER_CFLAGS = (" -Wno-deprecated-declarations        -DNDEBUG -fPIC ","$(inherited)");
				OTHER_LDFLAGS = (" -dynamiclib -Wl,-headerpad_max_install_names","/Users/seenum/cs184/Bubble_Rings/sim/xcode/ext/nanogui/ext_build/glfw/src/$(PROJECT_NAME).build/$(CONFIGURATION)$(EFFECTIVE_PLATFORM_NAME)/glfw_objects.build/$(OBJECT_FILE_DIR_normal:base)/x86_64/context.o","/Users/seenum/cs184/Bubble_Rings/sim/xcode/ext/nanogui/ext_build/glfw/src/$(PROJECT_NAME).build/$(CONFIGURATION)$(EFFECTIVE_PLATFORM_NAME)/glfw_objects.build/$(OBJECT_FILE_DIR_normal:base)/x86_64/init.o","/Users/seenum/cs184/Bubble_Rings/sim/xcode/ext/nanogui/ext_build/glfw/src/$(PROJECT_NAME).build/$(CONFIGURATION)$(EFFECTIVE_PLATFORM_NAME)/glfw_objects.build/$(OBJECT_FILE_DIR_normal:base)/x86_64/input.o","/Users/seenum/cs184/Bubble_Rings/sim/xcode/ext/nanogui/ext_build/glfw/src/$(PROJECT_NAME).build/$(CONFIGURATION)$(EFFECTIVE_PLATFORM_NAME)/glfw_objects.build/$(OBJECT_FILE_DIR_normal:base)/x86_64/monitor.o","/Users/seenum/cs184/Bubble_Rings/sim/xcode/ext/nanogui/ext_build/glfw/src/$(PROJECT_NAME).build/$(CONFIGURATION)$(EFFECTIVE_PLATFORM_NAME)/glfw_objects.build/$(OBJECT_FILE_DIR_normal:base)/x86_64/vulkan.o","/Users/seenum/cs184/Bubble_Rings/sim/xcode/ext/nanogui/ext_build/glfw/src/$(PROJECT_NAME).build/$(CONFIGURATION)$(EFFECTIVE_PLATFORM_NAME)/glfw_objects.build/$(OBJECT_FILE_DIR_normal:base)/x86_64/window.o","/Users/seenum/cs184/Bubble_Rings/sim/xcode/ext/nanogui/ext_build/glfw/src/$(PROJECT_NAME).build/$(CONFIGURATION)$(EFFECTIVE_PLATFORM_NAME)/glfw_objects.build/$(OBJECT_FILE_DIR_normal:base)/x86_64/cocoa_init.o","/Users/seenum/cs184/Bubble_Rings/sim/xcode/ext/nanogui/ext_build/glfw/src/$(PROJECT_NAME).build/$(CONFIGURATION)$(EFFECTIVE_PLATFORM_NAME)/glfw_objects.build/$(OBJECT_FILE_DIR_normal:base)/x86_64/cocoa_joystick.o","/Users/seenum/cs184/Bubble_Rings/sim/xcode/ext/nanogui/ext_build/glfw/src/$(PROJECT_NAME).build/$(CONFIGURATION)$(EFFECTIVE_PLATFORM_NAME)/glfw_objects.build/$(OBJECT_FILE_DIR_normal:base)/x86_64/cocoa_monitor.o","/Users/seenum/cs184/Bubble_Rings/sim/xcode/ext/nanogui/ext_build/glfw/src/$(PROJECT_NAME).build/$(CONFIGURATION)$(EFFECTIVE_PLATFORM_NAME)/glfw_objects.build/$(OBJECT_FILE_DIR_normal:base)/x86_64/cocoa_window.o","/Users/seenum/cs184/Bubble_Rings/sim/xcode/ext/nanogui/ext_build/glfw/src/$(PROJECT_NAME).build/$(CONFIGURATION)$(EFFECTIVE_PLATFORM_NAME)/glfw_objects.build/$(OBJECT_FILE_DIR_normal:base)/x86_64/cocoa_time.o","/Users/seenum/cs184/Bubble_Rings/sim/xcode/ext/nanogui/ext_build/glfw/src/$(PROJECT_NAME).build/$(CONFIGURATION)$(EFFECTIVE_PLATFORM_NAME)/glfw_objects.build/$(OBJECT_FILE_DIR_normal:base)/x86_64/posix_tls.o","/Users/seenum/cs184/Bubble_Rings/sim/xcode/ext/nanogui/ext_build/glfw/src/$(PROJECT_NAME).build/$(CONFIGURATION)$(EFFECTIVE_PLATFORM_NAME)/glfw_objects.build/$(OBJECT_FILE_DIR_normal:base)/x86_64/nsgl_context.o","-framework Cocoa","-framework IOKit","-framework CoreFoundation","-framework CoreVideo","$(inherited)");
				OTHER_REZFLAGS = "";
				PRODUCT_NAME = glfw;
				SECTORDER_FLAGS = "";
				SYMROOT = /Users/seenum/cs184/Bubble_Rings/sim/xcode/ext/nanogui/ext_build/glfw/src;
				USE_HEADERMAP = NO;
				WARNING_CFLAGS = ("$(inherited)");
			};
			name = RelWithDebInfo;
		};
		DB5BDC082A6B4248880EC360 /* MinSizeRel */ = {
			isa = XCBuildConfiguration;
			buildSettings = {
				COMBINE_HIDPI_IMAGES = YES;
				GCC_GENERATE_DEBUGGING_SYMBOLS = YES;
				GCC_INLINES_ARE_PRIVATE_EXTERN = NO;
				GCC_OPTIMIZATION_LEVEL = 0;
				GCC_PREPROCESSOR_DEFINITIONS = ("'CMAKE_INTDIR=\"$(CONFIGURATION)$(EFFECTIVE_PLATFORM_NAME)\"'","$(inherited)");
				GCC_SYMBOLS_PRIVATE_EXTERN = NO;
				INSTALL_PATH = "";
				OTHER_LDFLAGS = ("","$(inherited)");
				OTHER_REZFLAGS = "";
				PRODUCT_NAME = install;
				SECTORDER_FLAGS = "";
				SYMROOT = /Users/seenum/cs184/Bubble_Rings/sim/xcode/ext/nanogui/ext_build/glfw;
				USE_HEADERMAP = NO;
				WARNING_CFLAGS = ("$(inherited)");
			};
			name = MinSizeRel;
		};
		F38544F7369545A6A52967BF /* MinSizeRel */ = {
			isa = XCBuildConfiguration;
			buildSettings = {
				COMBINE_HIDPI_IMAGES = YES;
				GCC_GENERATE_DEBUGGING_SYMBOLS = YES;
				GCC_INLINES_ARE_PRIVATE_EXTERN = NO;
				GCC_OPTIMIZATION_LEVEL = 0;
				GCC_PREPROCESSOR_DEFINITIONS = ("'CMAKE_INTDIR=\"$(CONFIGURATION)$(EFFECTIVE_PLATFORM_NAME)\"'","$(inherited)");
				GCC_SYMBOLS_PRIVATE_EXTERN = NO;
				INSTALL_PATH = "";
				OTHER_LDFLAGS = ("","$(inherited)");
				OTHER_REZFLAGS = "";
				PRODUCT_NAME = ALL_BUILD;
				SECTORDER_FLAGS = "";
				SYMROOT = /Users/seenum/cs184/Bubble_Rings/sim/xcode/ext/nanogui/ext_build/glfw;
				USE_HEADERMAP = NO;
				WARNING_CFLAGS = ("$(inherited)");
			};
			name = MinSizeRel;
		};
		FECE8224C0C247D5B1BB5021 /* Release */ = {
			isa = XCBuildConfiguration;
			buildSettings = {
				ARCHS = "$(NATIVE_ARCH_ACTUAL)";
				ONLY_ACTIVE_ARCH = YES;
				SDKROOT = /Applications/Xcode.app/Contents/Developer/Platforms/MacOSX.platform/Developer/SDKs/MacOSX12.1.sdk;
				SYMROOT = /Users/seenum/cs184/Bubble_Rings/sim/xcode/ext/nanogui/ext_build/glfw/build;
			};
			name = Release;
		};
		FF20A2B47D5F42E5A4DCDB14 /* Debug */ = {
			isa = XCBuildConfiguration;
			buildSettings = {
				ARCHS = "$(NATIVE_ARCH_ACTUAL)";
				ONLY_ACTIVE_ARCH = YES;
				SDKROOT = /Applications/Xcode.app/Contents/Developer/Platforms/MacOSX.platform/Developer/SDKs/MacOSX12.1.sdk;
				SYMROOT = /Users/seenum/cs184/Bubble_Rings/sim/xcode/ext/nanogui/ext_build/glfw/build;
			};
			name = Debug;
		};
/* End XCBuildConfiguration section */

/* Begin XCConfigurationList section */
		16A49FB3001E4E69A97C7756 /* Build configuration list for PBXAggregateTarget "ZERO_CHECK" */ = {
			isa = XCConfigurationList;
			buildConfigurations = (
				A4C86FE2C6C143B68C6D1C74 /* Debug */,
				8ECC294F11064D14BC132AE6 /* Release */,
				9A88362963B54C548040BCC6 /* MinSizeRel */,
				78B35D80B257451B813110D6 /* RelWithDebInfo */,
			);
			defaultConfigurationIsVisible = 0;
			defaultConfigurationName = Debug;
		};
		35003420A0E54C90ACDD5179 /* Build configuration list for PBXNativeTarget "glfw_objects" */ = {
			isa = XCConfigurationList;
			buildConfigurations = (
				03CB1E3686CB44B99ADBB7FC /* Debug */,
				2F718E6613124911A7F40249 /* Release */,
				B6D54F38B5564EE48FAB5726 /* MinSizeRel */,
				28FA32B9B82E4D9EB318A730 /* RelWithDebInfo */,
			);
			defaultConfigurationIsVisible = 0;
			defaultConfigurationName = Debug;
		};
		78228E4E6A964D299730D230 /* Build configuration list for PBXAggregateTarget "ALL_BUILD" */ = {
			isa = XCConfigurationList;
			buildConfigurations = (
				2683F10F11454EEE8A8A68C6 /* Debug */,
				A7CA4EB88E7744FDA2400164 /* Release */,
				F38544F7369545A6A52967BF /* MinSizeRel */,
				25F87BD0BF2D456A8E178D6A /* RelWithDebInfo */,
			);
			defaultConfigurationIsVisible = 0;
			defaultConfigurationName = Debug;
		};
		9EF62C6730F34545B7B52B70 /* Build configuration list for PBXNativeTarget "glfw" */ = {
			isa = XCConfigurationList;
			buildConfigurations = (
				2B48B7F0C46C4A35A0E2C456 /* Debug */,
				C9E37C30BC2147C99746466D /* Release */,
				C96D33968A5742C6B24B8ACF /* MinSizeRel */,
				D1347BB181D84E3BA71D200A /* RelWithDebInfo */,
			);
			defaultConfigurationIsVisible = 0;
			defaultConfigurationName = Debug;
		};
		DA7824CA129348E4A6537A70 /* Build configuration list for PBXProject "GLFW" */ = {
			isa = XCConfigurationList;
			buildConfigurations = (
				FF20A2B47D5F42E5A4DCDB14 /* Debug */,
				FECE8224C0C247D5B1BB5021 /* Release */,
				2E0C7EB1DCAE478CA5E81F37 /* MinSizeRel */,
				8F7BDB1BA4F04723A2BB4F57 /* RelWithDebInfo */,
			);
			defaultConfigurationIsVisible = 0;
			defaultConfigurationName = Debug;
		};
		E51BB77F74B84ED3A7E7DD70 /* Build configuration list for PBXAggregateTarget "install" */ = {
			isa = XCConfigurationList;
			buildConfigurations = (
				574DB29ED8C34D2E93934893 /* Debug */,
				78FD3FB188F6489990E52BE0 /* Release */,
				DB5BDC082A6B4248880EC360 /* MinSizeRel */,
				7206B0BBDC294AF0893E4A94 /* RelWithDebInfo */,
			);
			defaultConfigurationIsVisible = 0;
			defaultConfigurationName = Debug;
		};
/* End XCConfigurationList section */
	};
	rootObject = A43823265C1F4087B5D1069A /* Project object */;
}
