// !$*UTF8*$!
{
	archiveVersion = 1;
	classes = {
	};
	objectVersion = 46;
	objects = {

/* Begin PBXAggregateTarget section */
		18CB3B7FF3A34D6D86898EC0 /* ZERO_CHECK */ = {
			isa = PBXAggregateTarget;
			buildConfigurationList = BE54B27EADFB4B8BA5C3FD93 /* Build configuration list for PBXAggregateTarget "ZERO_CHECK" */;
			buildPhases = (
				526FBF4021C08CB1E29FBE01 /* Generate CMakeFiles/ZERO_CHECK */,
			);
			dependencies = (
			);
			name = ZERO_CHECK;
			productName = ZERO_CHECK;
		};
		85AB74672B0B49A983EBAAAA /* install */ = {
			isa = PBXAggregateTarget;
			buildConfigurationList = B4E1A9E99C7D4766948EE4C0 /* Build configuration list for PBXAggregateTarget "install" */;
			buildPhases = (
				93426DA6A4AC2C2AC9CE883C /* CMake PostBuild Rules */,
			);
			dependencies = (
				A1B9C54FD11A439F8BC107A2 /* PBXTargetDependency */,
			);
			name = install;
			productName = install;
		};
		F9DA07B6DD624708B0D0BD62 /* ALL_BUILD */ = {
			isa = PBXAggregateTarget;
			buildConfigurationList = D5D1D7FD6F8745999B9E8AE3 /* Build configuration list for PBXAggregateTarget "ALL_BUILD" */;
			buildPhases = (
				B32547FDDF120C8B65CEF315 /* Generate CMakeFiles/ALL_BUILD */,
			);
			dependencies = (
				3E0D4148B8594B88BA027668 /* PBXTargetDependency */,
				106DFF5C1A4B4E10A8FAB590 /* PBXTargetDependency */,
			);
			name = ALL_BUILD;
			productName = ALL_BUILD;
		};
/* End PBXAggregateTarget section */

/* Begin PBXBuildFile section */
		104B6A0B23F64C96BF47EFEB /* /Users/seenum/cs184/Bubble_Rings/sim/CGL/src/tinyxml2.cpp */ = {isa = PBXBuildFile; fileRef = 9AD8754082514A3FAAE14063 /* /Users/seenum/cs184/Bubble_Rings/sim/CGL/src/tinyxml2.cpp */; };
		24C675B6654740C49816D274 /* /Users/seenum/cs184/Bubble_Rings/sim/CGL/src/matrix3x3.cpp */ = {isa = PBXBuildFile; fileRef = 2604ECBFE1D24907A7603CFF /* /Users/seenum/cs184/Bubble_Rings/sim/CGL/src/matrix3x3.cpp */; };
		319C37637DD24904A9BC367E /* /Users/seenum/cs184/Bubble_Rings/sim/CGL/src/spectrum.cpp */ = {isa = PBXBuildFile; fileRef = 1C7765BFF7BA46C88428DED9 /* /Users/seenum/cs184/Bubble_Rings/sim/CGL/src/spectrum.cpp */; };
		41D5C89E240B4784AFD0395D /* /Users/seenum/cs184/Bubble_Rings/sim/CGL/src/quaternion.cpp */ = {isa = PBXBuildFile; fileRef = 87CDBF6365B2403396A343BA /* /Users/seenum/cs184/Bubble_Rings/sim/CGL/src/quaternion.cpp */; };
		42418E82F1CF4229A67B7426 /* /Users/seenum/cs184/Bubble_Rings/sim/CGL/src/matrix4x4.cpp */ = {isa = PBXBuildFile; fileRef = 6EA32C6901724CD2AD5C6A4F /* /Users/seenum/cs184/Bubble_Rings/sim/CGL/src/matrix4x4.cpp */; };
		4ABCE869D47946A89E37ECB9 /* /Users/seenum/cs184/Bubble_Rings/sim/CGL/src/vector2D.cpp */ = {isa = PBXBuildFile; fileRef = 65319246B9344C0B84B352A5 /* /Users/seenum/cs184/Bubble_Rings/sim/CGL/src/vector2D.cpp */; };
		601F2540F2144D0FA93FD07A /* /Users/seenum/cs184/Bubble_Rings/sim/CGL/src/base64.cpp */ = {isa = PBXBuildFile; fileRef = B1C8546B82574891A72605B6 /* /Users/seenum/cs184/Bubble_Rings/sim/CGL/src/base64.cpp */; };
		63F729DEB6314BEEA513B7D5 /* /Users/seenum/cs184/Bubble_Rings/sim/CGL/src/color.cpp */ = {isa = PBXBuildFile; fileRef = 52D08313C9914A8289D07AC7 /* /Users/seenum/cs184/Bubble_Rings/sim/CGL/src/color.cpp */; };
		711FA409359A4C2DB26F028A /* /Users/seenum/cs184/Bubble_Rings/sim/CGL/src/complex.cpp */ = {isa = PBXBuildFile; fileRef = 3BE88B34D0E44387997D2EDA /* /Users/seenum/cs184/Bubble_Rings/sim/CGL/src/complex.cpp */; };
		ADB38960545A422BA7302177 /* /Users/seenum/cs184/Bubble_Rings/sim/CGL/src/vector4D.cpp */ = {isa = PBXBuildFile; fileRef = E87BFBA8C46A44BF920076BF /* /Users/seenum/cs184/Bubble_Rings/sim/CGL/src/vector4D.cpp */; };
		F39C069A882740D885670DF8 /* /Users/seenum/cs184/Bubble_Rings/sim/CGL/src/CMakeLists.txt */ = {isa = PBXBuildFile; fileRef = B18053E2EB4A42A6B13FEE23 /* /Users/seenum/cs184/Bubble_Rings/sim/CGL/src/CMakeLists.txt */; };
		F5E9E53BC1F44C0F81A7559E /* /Users/seenum/cs184/Bubble_Rings/sim/CGL/src/lodepng.cpp */ = {isa = PBXBuildFile; fileRef = 01531572D3E64CA4B663CB7B /* /Users/seenum/cs184/Bubble_Rings/sim/CGL/src/lodepng.cpp */; };
		F9535AD86ED84F40BD036CD9 /* /Users/seenum/cs184/Bubble_Rings/sim/CGL/src/vector3D.cpp */ = {isa = PBXBuildFile; fileRef = 0575D623A0EA4FE281551BBB /* /Users/seenum/cs184/Bubble_Rings/sim/CGL/src/vector3D.cpp */; };
/* End PBXBuildFile section */

/* Begin PBXBuildStyle section */
		20A9D602B780484C80FDAC4F /* Debug */ = {
			isa = PBXBuildStyle;
			buildSettings = {
				COPY_PHASE_STRIP = NO;
			};
			name = Debug;
		};
		D375B9BD4F5B47DDA0EF802B /* Release */ = {
			isa = PBXBuildStyle;
			buildSettings = {
				COPY_PHASE_STRIP = NO;
			};
			name = Release;
		};
		E7611F8A90B046BC8849F867 /* RelWithDebInfo */ = {
			isa = PBXBuildStyle;
			buildSettings = {
				COPY_PHASE_STRIP = NO;
			};
			name = RelWithDebInfo;
		};
		FEB9F95492634F1D877A7164 /* MinSizeRel */ = {
			isa = PBXBuildStyle;
			buildSettings = {
				COPY_PHASE_STRIP = NO;
			};
			name = MinSizeRel;
		};
/* End PBXBuildStyle section */

/* Begin PBXContainerItemProxy section */
		0E415091D24B4566AD07D8DC /* PBXContainerItemProxy */ = {
			isa = PBXContainerItemProxy;
			containerPortal = 6EB2373AA69144E0A906A7B0 /* Project object */;
			proxyType = 1;
			remoteGlobalIDString = E6AB94E671A24A128AAA0F13;
			remoteInfo = CGL;
		};
		2F708334345F41FDA9BDE4A2 /* PBXContainerItemProxy */ = {
			isa = PBXContainerItemProxy;
			containerPortal = 6EB2373AA69144E0A906A7B0 /* Project object */;
			proxyType = 1;
			remoteGlobalIDString = F9DA07B6DD624708B0D0BD62;
			remoteInfo = ALL_BUILD;
		};
		835510E851F64B84A486B2CA /* PBXContainerItemProxy */ = {
			isa = PBXContainerItemProxy;
			containerPortal = 6EB2373AA69144E0A906A7B0 /* Project object */;
			proxyType = 1;
			remoteGlobalIDString = 18CB3B7FF3A34D6D86898EC0;
			remoteInfo = ZERO_CHECK;
		};
/* End PBXContainerItemProxy section */

/* Begin PBXFileReference section */
		01531572D3E64CA4B663CB7B /* /Users/seenum/cs184/Bubble_Rings/sim/CGL/src/lodepng.cpp */ = {isa = PBXFileReference; explicitFileType = sourcecode.cpp.cpp; fileEncoding = 4; name = lodepng.cpp; path = src/lodepng.cpp; sourceTree = SOURCE_ROOT; };
		0575D623A0EA4FE281551BBB /* /Users/seenum/cs184/Bubble_Rings/sim/CGL/src/vector3D.cpp */ = {isa = PBXFileReference; explicitFileType = sourcecode.cpp.cpp; fileEncoding = 4; name = vector3D.cpp; path = src/vector3D.cpp; sourceTree = SOURCE_ROOT; };
		1C7765BFF7BA46C88428DED9 /* /Users/seenum/cs184/Bubble_Rings/sim/CGL/src/spectrum.cpp */ = {isa = PBXFileReference; explicitFileType = sourcecode.cpp.cpp; fileEncoding = 4; name = spectrum.cpp; path = src/spectrum.cpp; sourceTree = SOURCE_ROOT; };
		2604ECBFE1D24907A7603CFF /* /Users/seenum/cs184/Bubble_Rings/sim/CGL/src/matrix3x3.cpp */ = {isa = PBXFileReference; explicitFileType = sourcecode.cpp.cpp; fileEncoding = 4; name = matrix3x3.cpp; path = src/matrix3x3.cpp; sourceTree = SOURCE_ROOT; };
		3BE88B34D0E44387997D2EDA /* /Users/seenum/cs184/Bubble_Rings/sim/CGL/src/complex.cpp */ = {isa = PBXFileReference; explicitFileType = sourcecode.cpp.cpp; fileEncoding = 4; name = complex.cpp; path = src/complex.cpp; sourceTree = SOURCE_ROOT; };
		52D08313C9914A8289D07AC7 /* /Users/seenum/cs184/Bubble_Rings/sim/CGL/src/color.cpp */ = {isa = PBXFileReference; explicitFileType = sourcecode.cpp.cpp; fileEncoding = 4; name = color.cpp; path = src/color.cpp; sourceTree = SOURCE_ROOT; };
		65319246B9344C0B84B352A5 /* /Users/seenum/cs184/Bubble_Rings/sim/CGL/src/vector2D.cpp */ = {isa = PBXFileReference; explicitFileType = sourcecode.cpp.cpp; fileEncoding = 4; name = vector2D.cpp; path = src/vector2D.cpp; sourceTree = SOURCE_ROOT; };
		6EA32C6901724CD2AD5C6A4F /* /Users/seenum/cs184/Bubble_Rings/sim/CGL/src/matrix4x4.cpp */ = {isa = PBXFileReference; explicitFileType = sourcecode.cpp.cpp; fileEncoding = 4; name = matrix4x4.cpp; path = src/matrix4x4.cpp; sourceTree = SOURCE_ROOT; };
		87CDBF6365B2403396A343BA /* /Users/seenum/cs184/Bubble_Rings/sim/CGL/src/quaternion.cpp */ = {isa = PBXFileReference; explicitFileType = sourcecode.cpp.cpp; fileEncoding = 4; name = quaternion.cpp; path = src/quaternion.cpp; sourceTree = SOURCE_ROOT; };
		9AD8754082514A3FAAE14063 /* /Users/seenum/cs184/Bubble_Rings/sim/CGL/src/tinyxml2.cpp */ = {isa = PBXFileReference; explicitFileType = sourcecode.cpp.cpp; fileEncoding = 4; name = tinyxml2.cpp; path = src/tinyxml2.cpp; sourceTree = SOURCE_ROOT; };
		B18053E2EB4A42A6B13FEE23 /* /Users/seenum/cs184/Bubble_Rings/sim/CGL/src/CMakeLists.txt */ = {isa = PBXFileReference; explicitFileType = sourcecode.text; fileEncoding = 4; name = CMakeLists.txt; path = src/CMakeLists.txt; sourceTree = SOURCE_ROOT; };
		B1C8546B82574891A72605B6 /* /Users/seenum/cs184/Bubble_Rings/sim/CGL/src/base64.cpp */ = {isa = PBXFileReference; explicitFileType = sourcecode.cpp.cpp; fileEncoding = 4; name = base64.cpp; path = src/base64.cpp; sourceTree = SOURCE_ROOT; };
		BF3B25911291467D8EAB56C8 /* CGL */ = {isa = PBXFileReference; explicitFileType = archive.ar; path = libCGL.a; sourceTree = BUILT_PRODUCTS_DIR; };
		CCD40FB5930144A2A6E1357C /* /Users/seenum/cs184/Bubble_Rings/sim/CGL/CMakeLists.txt */ = {isa = PBXFileReference; explicitFileType = sourcecode.text; fileEncoding = 4; name = CMakeLists.txt; path = CMakeLists.txt; sourceTree = SOURCE_ROOT; };
		E87BFBA8C46A44BF920076BF /* /Users/seenum/cs184/Bubble_Rings/sim/CGL/src/vector4D.cpp */ = {isa = PBXFileReference; explicitFileType = sourcecode.cpp.cpp; fileEncoding = 4; name = vector4D.cpp; path = src/vector4D.cpp; sourceTree = SOURCE_ROOT; };
/* End PBXFileReference section */

/* Begin PBXFrameworksBuildPhase section */
		F07769397D314B35A6E35962 /* Frameworks */ = {
			isa = PBXFrameworksBuildPhase;
			buildActionMask = 2147483647;
			files = (
			);
			runOnlyForDeploymentPostprocessing = 0;
		};
/* End PBXFrameworksBuildPhase section */

/* Begin PBXGroup section */
		0FDC674ACAA548AE93519147 /* ALL_BUILD */ = {
			isa = PBXGroup;
			children = (
				D2C42AC055C74CF38B2DDA30 /* CMake Rules */,
				CCD40FB5930144A2A6E1357C /* /Users/seenum/cs184/Bubble_Rings/sim/CGL/CMakeLists.txt */,
			);
			name = ALL_BUILD;
			sourceTree = "<group>";
		};
		17F12F25630347769A650467 /* Frameworks */ = {
			isa = PBXGroup;
			children = (
			);
			name = Frameworks;
			sourceTree = "<group>";
		};
		31312A82919B497C9007E34D = {
			isa = PBXGroup;
			children = (
				0FDC674ACAA548AE93519147 /* ALL_BUILD */,
				44A3ACE25EC34B15901B27A2 /* CGL */,
				7A620029125E44D4A291E003 /* Products */,
				17F12F25630347769A650467 /* Frameworks */,
			);
			sourceTree = "<group>";
		};
		44A3ACE25EC34B15901B27A2 /* CGL */ = {
			isa = PBXGroup;
			children = (
				C1291544A20B49D59E72A498 /* Source Files */,
				B18053E2EB4A42A6B13FEE23 /* /Users/seenum/cs184/Bubble_Rings/sim/CGL/src/CMakeLists.txt */,
			);
			name = CGL;
			sourceTree = "<group>";
		};
		7A620029125E44D4A291E003 /* Products */ = {
			isa = PBXGroup;
			children = (
				BF3B25911291467D8EAB56C8 /* CGL */,
			);
			name = Products;
			sourceTree = "<group>";
		};
		C1291544A20B49D59E72A498 /* Source Files */ = {
			isa = PBXGroup;
			children = (
				B1C8546B82574891A72605B6 /* /Users/seenum/cs184/Bubble_Rings/sim/CGL/src/base64.cpp */,
				52D08313C9914A8289D07AC7 /* /Users/seenum/cs184/Bubble_Rings/sim/CGL/src/color.cpp */,
				3BE88B34D0E44387997D2EDA /* /Users/seenum/cs184/Bubble_Rings/sim/CGL/src/complex.cpp */,
				01531572D3E64CA4B663CB7B /* /Users/seenum/cs184/Bubble_Rings/sim/CGL/src/lodepng.cpp */,
				2604ECBFE1D24907A7603CFF /* /Users/seenum/cs184/Bubble_Rings/sim/CGL/src/matrix3x3.cpp */,
				6EA32C6901724CD2AD5C6A4F /* /Users/seenum/cs184/Bubble_Rings/sim/CGL/src/matrix4x4.cpp */,
				87CDBF6365B2403396A343BA /* /Users/seenum/cs184/Bubble_Rings/sim/CGL/src/quaternion.cpp */,
				1C7765BFF7BA46C88428DED9 /* /Users/seenum/cs184/Bubble_Rings/sim/CGL/src/spectrum.cpp */,
				9AD8754082514A3FAAE14063 /* /Users/seenum/cs184/Bubble_Rings/sim/CGL/src/tinyxml2.cpp */,
				65319246B9344C0B84B352A5 /* /Users/seenum/cs184/Bubble_Rings/sim/CGL/src/vector2D.cpp */,
				0575D623A0EA4FE281551BBB /* /Users/seenum/cs184/Bubble_Rings/sim/CGL/src/vector3D.cpp */,
				E87BFBA8C46A44BF920076BF /* /Users/seenum/cs184/Bubble_Rings/sim/CGL/src/vector4D.cpp */,
			);
			name = "Source Files";
			sourceTree = "<group>";
		};
		D2C42AC055C74CF38B2DDA30 /* CMake Rules */ = {
			isa = PBXGroup;
			children = (
			);
			name = "CMake Rules";
			sourceTree = "<group>";
		};
/* End PBXGroup section */

/* Begin PBXNativeTarget section */
		E6AB94E671A24A128AAA0F13 /* CGL */ = {
			isa = PBXNativeTarget;
			buildConfigurationList = B1572D0A02CC4B38AF98C68C /* Build configuration list for PBXNativeTarget "CGL" */;
			buildPhases = (
				23CA787F185E49B792022B6C /* Sources */,
				F07769397D314B35A6E35962 /* Frameworks */,
			);
			buildRules = (
			);
			dependencies = (
			);
			name = CGL;
			productName = CGL;
			productReference = BF3B25911291467D8EAB56C8 /* CGL */;
			productType = "com.apple.product-type.library.static";
		};
/* End PBXNativeTarget section */

/* Begin PBXProject section */
		6EB2373AA69144E0A906A7B0 /* Project object */ = {
			isa = PBXProject;
			attributes = {
				BuildIndependentTargetsInParallel = YES;
				LastUpgradeCheck = 1320;
			};
			buildConfigurationList = C5B6242612B74FB597A184BD /* Build configuration list for PBXProject "CGL" */;
			buildSettings = {
			};
			buildStyles = (
				20A9D602B780484C80FDAC4F /* Debug */,
				D375B9BD4F5B47DDA0EF802B /* Release */,
				FEB9F95492634F1D877A7164 /* MinSizeRel */,
				E7611F8A90B046BC8849F867 /* RelWithDebInfo */,
			);
			compatibilityVersion = "Xcode 3.2";
			hasScannedForEncodings = 0;
			mainGroup = 31312A82919B497C9007E34D;
			projectDirPath = ../../CGL;
			projectRoot = "";
			targets = (
				F9DA07B6DD624708B0D0BD62 /* ALL_BUILD */,
				E6AB94E671A24A128AAA0F13 /* CGL */,
				18CB3B7FF3A34D6D86898EC0 /* ZERO_CHECK */,
				85AB74672B0B49A983EBAAAA /* install */,
			);
		};
/* End PBXProject section */

/* Begin PBXShellScriptBuildPhase section */
		3C0110FC8322DE7E50886E21 = {
			isa = PBXShellScriptBuildPhase;
			buildActionMask = 2147483647;
			files = (
			);
			inputPaths = (
			);
			outputPaths = (
			);
			runOnlyForDeploymentPostprocessing = 0;
			shellPath = /bin/sh;
			shellScript = "# shell script goes here
exit 0";
			showEnvVarsInLog = 0;
		};
		526FBF4021C08CB1E29FBE01 /* Generate CMakeFiles/ZERO_CHECK */ = {
			isa = PBXShellScriptBuildPhase;
			alwaysOutOfDate = 1;
			buildActionMask = 2147483647;
			files = (
			);
			inputPaths = (
			);
			name = "Generate CMakeFiles/ZERO_CHECK";
			outputPaths = (
/Users/seenum/cs184/Bubble_Rings/sim/xcode/CGL/CMakeFiles/ZERO_CHECK			);
			runOnlyForDeploymentPostprocessing = 0;
			shellPath = /bin/sh;
			shellScript = "set -e
if test \"$CONFIGURATION\" = \"Debug\"; then :
  cd /Users/seenum/cs184/Bubble_Rings/sim/xcode/CGL
  make -f /Users/seenum/cs184/Bubble_Rings/sim/xcode/CGL/CMakeScripts/ReRunCMake.make
fi
if test \"$CONFIGURATION\" = \"Release\"; then :
  cd /Users/seenum/cs184/Bubble_Rings/sim/xcode/CGL
  make -f /Users/seenum/cs184/Bubble_Rings/sim/xcode/CGL/CMakeScripts/ReRunCMake.make
fi
if test \"$CONFIGURATION\" = \"MinSizeRel\"; then :
  cd /Users/seenum/cs184/Bubble_Rings/sim/xcode/CGL
  make -f /Users/seenum/cs184/Bubble_Rings/sim/xcode/CGL/CMakeScripts/ReRunCMake.make
fi
if test \"$CONFIGURATION\" = \"RelWithDebInfo\"; then :
  cd /Users/seenum/cs184/Bubble_Rings/sim/xcode/CGL
  make -f /Users/seenum/cs184/Bubble_Rings/sim/xcode/CGL/CMakeScripts/ReRunCMake.make
fi
";
			showEnvVarsInLog = 0;
		};
		87AF4882E018677E2624B544 = {
			isa = PBXShellScriptBuildPhase;
			buildActionMask = 2147483647;
			files = (
			);
			inputPaths = (
			);
			outputPaths = (
			);
			runOnlyForDeploymentPostprocessing = 0;
			shellPath = /bin/sh;
			shellScript = "# shell script goes here
exit 0";
			showEnvVarsInLog = 0;
		};
		93426DA6A4AC2C2AC9CE883C /* CMake PostBuild Rules */ = {
			isa = PBXShellScriptBuildPhase;
			alwaysOutOfDate = 1;
			buildActionMask = 2147483647;
			files = (
			);
			name = "CMake PostBuild Rules";
			outputPaths = (
			);
			runOnlyForDeploymentPostprocessing = 0;
			shellPath = /bin/sh;
			shellScript = "set -e
if test \"$CONFIGURATION\" = \"Debug\"; then :
  cd /Users/seenum/cs184/Bubble_Rings/sim/xcode/CGL
  /usr/local/Cellar/cmake/3.22.2/bin/cmake -DBUILD_TYPE=$CONFIGURATION$EFFECTIVE_PLATFORM_NAME -P cmake_install.cmake
fi
if test \"$CONFIGURATION\" = \"Release\"; then :
  cd /Users/seenum/cs184/Bubble_Rings/sim/xcode/CGL
  /usr/local/Cellar/cmake/3.22.2/bin/cmake -DBUILD_TYPE=$CONFIGURATION$EFFECTIVE_PLATFORM_NAME -P cmake_install.cmake
fi
if test \"$CONFIGURATION\" = \"MinSizeRel\"; then :
  cd /Users/seenum/cs184/Bubble_Rings/sim/xcode/CGL
  /usr/local/Cellar/cmake/3.22.2/bin/cmake -DBUILD_TYPE=$CONFIGURATION$EFFECTIVE_PLATFORM_NAME -P cmake_install.cmake
fi
if test \"$CONFIGURATION\" = \"RelWithDebInfo\"; then :
  cd /Users/seenum/cs184/Bubble_Rings/sim/xcode/CGL
  /usr/local/Cellar/cmake/3.22.2/bin/cmake -DBUILD_TYPE=$CONFIGURATION$EFFECTIVE_PLATFORM_NAME -P cmake_install.cmake
fi
";
			showEnvVarsInLog = 0;
		};
		9B50530E35CC49C82C2FACCF = {
			isa = PBXShellScriptBuildPhase;
			buildActionMask = 2147483647;
			files = (
			);
			inputPaths = (
			);
			outputPaths = (
			);
			runOnlyForDeploymentPostprocessing = 0;
			shellPath = /bin/sh;
			shellScript = "# shell script goes here
exit 0";
			showEnvVarsInLog = 0;
		};
		B32547FDDF120C8B65CEF315 /* Generate CMakeFiles/ALL_BUILD */ = {
			isa = PBXShellScriptBuildPhase;
			alwaysOutOfDate = 1;
			buildActionMask = 2147483647;
			files = (
			);
			inputPaths = (
			);
			name = "Generate CMakeFiles/ALL_BUILD";
			outputPaths = (
/Users/seenum/cs184/Bubble_Rings/sim/xcode/CGL/CMakeFiles/ALL_BUILD			);
			runOnlyForDeploymentPostprocessing = 0;
			shellPath = /bin/sh;
			shellScript = "set -e
if test \"$CONFIGURATION\" = \"Debug\"; then :
  cd /Users/seenum/cs184/Bubble_Rings/sim/xcode/CGL
  echo Build\\ all\\ projects
fi
if test \"$CONFIGURATION\" = \"Release\"; then :
  cd /Users/seenum/cs184/Bubble_Rings/sim/xcode/CGL
  echo Build\\ all\\ projects
fi
if test \"$CONFIGURATION\" = \"MinSizeRel\"; then :
  cd /Users/seenum/cs184/Bubble_Rings/sim/xcode/CGL
  echo Build\\ all\\ projects
fi
if test \"$CONFIGURATION\" = \"RelWithDebInfo\"; then :
  cd /Users/seenum/cs184/Bubble_Rings/sim/xcode/CGL
  echo Build\\ all\\ projects
fi
";
			showEnvVarsInLog = 0;
		};
/* End PBXShellScriptBuildPhase section */

/* Begin PBXSourcesBuildPhase section */
		23CA787F185E49B792022B6C /* Sources */ = {
			isa = PBXSourcesBuildPhase;
			buildActionMask = 2147483647;
			files = (
				601F2540F2144D0FA93FD07A /* /Users/seenum/cs184/Bubble_Rings/sim/CGL/src/base64.cpp */,
				63F729DEB6314BEEA513B7D5 /* /Users/seenum/cs184/Bubble_Rings/sim/CGL/src/color.cpp */,
				711FA409359A4C2DB26F028A /* /Users/seenum/cs184/Bubble_Rings/sim/CGL/src/complex.cpp */,
				F5E9E53BC1F44C0F81A7559E /* /Users/seenum/cs184/Bubble_Rings/sim/CGL/src/lodepng.cpp */,
				24C675B6654740C49816D274 /* /Users/seenum/cs184/Bubble_Rings/sim/CGL/src/matrix3x3.cpp */,
				42418E82F1CF4229A67B7426 /* /Users/seenum/cs184/Bubble_Rings/sim/CGL/src/matrix4x4.cpp */,
				41D5C89E240B4784AFD0395D /* /Users/seenum/cs184/Bubble_Rings/sim/CGL/src/quaternion.cpp */,
				319C37637DD24904A9BC367E /* /Users/seenum/cs184/Bubble_Rings/sim/CGL/src/spectrum.cpp */,
				104B6A0B23F64C96BF47EFEB /* /Users/seenum/cs184/Bubble_Rings/sim/CGL/src/tinyxml2.cpp */,
				4ABCE869D47946A89E37ECB9 /* /Users/seenum/cs184/Bubble_Rings/sim/CGL/src/vector2D.cpp */,
				F9535AD86ED84F40BD036CD9 /* /Users/seenum/cs184/Bubble_Rings/sim/CGL/src/vector3D.cpp */,
				ADB38960545A422BA7302177 /* /Users/seenum/cs184/Bubble_Rings/sim/CGL/src/vector4D.cpp */,
			);
			runOnlyForDeploymentPostprocessing = 0;
		};
/* End PBXSourcesBuildPhase section */

/* Begin PBXTargetDependency section */
		106DFF5C1A4B4E10A8FAB590 /* PBXTargetDependency */ = {
			isa = PBXTargetDependency;
			target = E6AB94E671A24A128AAA0F13 /* CGL */;
			targetProxy = 0E415091D24B4566AD07D8DC /* PBXContainerItemProxy */;
		};
		3E0D4148B8594B88BA027668 /* PBXTargetDependency */ = {
			isa = PBXTargetDependency;
			target = 18CB3B7FF3A34D6D86898EC0 /* ZERO_CHECK */;
			targetProxy = 835510E851F64B84A486B2CA /* PBXContainerItemProxy */;
		};
		A1B9C54FD11A439F8BC107A2 /* PBXTargetDependency */ = {
			isa = PBXTargetDependency;
			target = F9DA07B6DD624708B0D0BD62 /* ALL_BUILD */;
			targetProxy = 2F708334345F41FDA9BDE4A2 /* PBXContainerItemProxy */;
		};
/* End PBXTargetDependency section */

/* Begin XCBuildConfiguration section */
		0CAFFAA42323454BAF2D8F07 /* MinSizeRel */ = {
			isa = XCBuildConfiguration;
			buildSettings = {
				COMBINE_HIDPI_IMAGES = YES;
				EXECUTABLE_PREFIX = lib;
				EXECUTABLE_SUFFIX = .a;
				GCC_GENERATE_DEBUGGING_SYMBOLS = NO;
				GCC_INLINES_ARE_PRIVATE_EXTERN = NO;
				GCC_OPTIMIZATION_LEVEL = s;
				GCC_PREPROCESSOR_DEFINITIONS = ("'CMAKE_INTDIR=\"$(CONFIGURATION)$(EFFECTIVE_PLATFORM_NAME)\"'",NANOGUI_SHARED,NVG_SHARED,GLAD_GLAPI_EXPORT,NANOGUI_GLAD,"$(inherited)");
				GCC_SYMBOLS_PRIVATE_EXTERN = NO;
				HEADER_SEARCH_PATHS = (/Users/seenum/cs184/Bubble_Rings/sim/ext/nanogui/include,/Users/seenum/cs184/Bubble_Rings/sim/CGL/include,/usr/local/include/freetype2,/Users/seenum/cs184/Bubble_Rings/sim/ext/nanogui/ext/glad/include,/Users/seenum/cs184/Bubble_Rings/sim/ext/nanogui/ext/glfw/include,/Users/seenum/cs184/Bubble_Rings/sim/ext/nanogui/ext/nanovg/src,/Users/seenum/cs184/Bubble_Rings/sim/ext/nanogui/ext/eigen,/Users/seenum/cs184/Bubble_Rings/sim/CGL/include/CGL,"$(inherited)");
				INSTALL_PATH = "";
				LIBRARY_STYLE = STATIC;
				OTHER_CPLUSPLUSFLAGS = " -std=c++11 -m64     -funroll-loops -Wno-narrowing -Wno-deprecated-register     -DNDEBUG -Wno-constant-conversion ";
				OTHER_LIBTOOLFLAGS = ("");
				OTHER_REZFLAGS = "";
				PRODUCT_NAME = CGL;
				SECTORDER_FLAGS = "";
				SYMROOT = /Users/seenum/cs184/Bubble_Rings/sim/xcode/CGL/src;
				USE_HEADERMAP = NO;
				WARNING_CFLAGS = ("$(inherited)");
			};
			name = MinSizeRel;
		};
		0F22E5BA92024BFC99A83ABB /* RelWithDebInfo */ = {
			isa = XCBuildConfiguration;
			buildSettings = {
				COMBINE_HIDPI_IMAGES = YES;
				GCC_GENERATE_DEBUGGING_SYMBOLS = YES;
				GCC_INLINES_ARE_PRIVATE_EXTERN = NO;
				GCC_OPTIMIZATION_LEVEL = 0;
				GCC_PREPROCESSOR_DEFINITIONS = ("'CMAKE_INTDIR=\"$(CONFIGURATION)$(EFFECTIVE_PLATFORM_NAME)\"'","$(inherited)");
				GCC_SYMBOLS_PRIVATE_EXTERN = NO;
				INSTALL_PATH = "";
				OTHER_LDFLAGS = ("","$(inherited)");
				OTHER_REZFLAGS = "";
				PRODUCT_NAME = install;
				SECTORDER_FLAGS = "";
				SYMROOT = /Users/seenum/cs184/Bubble_Rings/sim/xcode/CGL;
				USE_HEADERMAP = NO;
				WARNING_CFLAGS = ("$(inherited)");
			};
			name = RelWithDebInfo;
		};
		12EBE10A38664E88851F3C28 /* MinSizeRel */ = {
			isa = XCBuildConfiguration;
			buildSettings = {
				COMBINE_HIDPI_IMAGES = YES;
				GCC_GENERATE_DEBUGGING_SYMBOLS = YES;
				GCC_INLINES_ARE_PRIVATE_EXTERN = NO;
				GCC_OPTIMIZATION_LEVEL = 0;
				GCC_PREPROCESSOR_DEFINITIONS = ("'CMAKE_INTDIR=\"$(CONFIGURATION)$(EFFECTIVE_PLATFORM_NAME)\"'","$(inherited)");
				GCC_SYMBOLS_PRIVATE_EXTERN = NO;
				INSTALL_PATH = "";
				OTHER_LDFLAGS = ("","$(inherited)");
				OTHER_REZFLAGS = "";
				PRODUCT_NAME = install;
				SECTORDER_FLAGS = "";
				SYMROOT = /Users/seenum/cs184/Bubble_Rings/sim/xcode/CGL;
				USE_HEADERMAP = NO;
				WARNING_CFLAGS = ("$(inherited)");
			};
			name = MinSizeRel;
		};
		1E7E72DFCEB24DABA810A19C /* Debug */ = {
			isa = XCBuildConfiguration;
			buildSettings = {
				COMBINE_HIDPI_IMAGES = YES;
				EXECUTABLE_PREFIX = lib;
				EXECUTABLE_SUFFIX = .a;
				GCC_GENERATE_DEBUGGING_SYMBOLS = YES;
				GCC_INLINES_ARE_PRIVATE_EXTERN = NO;
				GCC_OPTIMIZATION_LEVEL = 3;
				GCC_PREPROCESSOR_DEFINITIONS = ("'CMAKE_INTDIR=\"$(CONFIGURATION)$(EFFECTIVE_PLATFORM_NAME)\"'",NANOGUI_SHARED,NVG_SHARED,GLAD_GLAPI_EXPORT,NANOGUI_GLAD,"$(inherited)");
				GCC_SYMBOLS_PRIVATE_EXTERN = NO;
				HEADER_SEARCH_PATHS = (/Users/seenum/cs184/Bubble_Rings/sim/ext/nanogui/include,/Users/seenum/cs184/Bubble_Rings/sim/CGL/include,/usr/local/include/freetype2,/Users/seenum/cs184/Bubble_Rings/sim/ext/nanogui/ext/glad/include,/Users/seenum/cs184/Bubble_Rings/sim/ext/nanogui/ext/glfw/include,/Users/seenum/cs184/Bubble_Rings/sim/ext/nanogui/ext/nanovg/src,/Users/seenum/cs184/Bubble_Rings/sim/ext/nanogui/ext/eigen,/Users/seenum/cs184/Bubble_Rings/sim/CGL/include/CGL,"$(inherited)");
				INSTALL_PATH = "";
				LIBRARY_STYLE = STATIC;
				OTHER_CPLUSPLUSFLAGS = " -std=c++11 -m64     -funroll-loops -Wno-narrowing -Wno-deprecated-register    -Wno-constant-conversion ";
				OTHER_LIBTOOLFLAGS = ("");
				OTHER_REZFLAGS = "";
				PRODUCT_NAME = CGL;
				SECTORDER_FLAGS = "";
				SYMROOT = /Users/seenum/cs184/Bubble_Rings/sim/xcode/CGL/src;
				USE_HEADERMAP = NO;
				WARNING_CFLAGS = ("$(inherited)");
			};
			name = Debug;
		};
		205A3704B7B9478B979A55A8 /* Release */ = {
			isa = XCBuildConfiguration;
			buildSettings = {
				COMBINE_HIDPI_IMAGES = YES;
				GCC_GENERATE_DEBUGGING_SYMBOLS = YES;
				GCC_INLINES_ARE_PRIVATE_EXTERN = NO;
				GCC_OPTIMIZATION_LEVEL = 0;
				GCC_PREPROCESSOR_DEFINITIONS = ("'CMAKE_INTDIR=\"$(CONFIGURATION)$(EFFECTIVE_PLATFORM_NAME)\"'","$(inherited)");
				GCC_SYMBOLS_PRIVATE_EXTERN = NO;
				INSTALL_PATH = "";
				OTHER_LDFLAGS = ("","$(inherited)");
				OTHER_REZFLAGS = "";
				PRODUCT_NAME = install;
				SECTORDER_FLAGS = "";
				SYMROOT = /Users/seenum/cs184/Bubble_Rings/sim/xcode/CGL;
				USE_HEADERMAP = NO;
				WARNING_CFLAGS = ("$(inherited)");
			};
			name = Release;
		};
		4BF65FB2D02E4FF6A27986E7 /* Release */ = {
			isa = XCBuildConfiguration;
			buildSettings = {
				COMBINE_HIDPI_IMAGES = YES;
				GCC_GENERATE_DEBUGGING_SYMBOLS = YES;
				GCC_INLINES_ARE_PRIVATE_EXTERN = NO;
				GCC_OPTIMIZATION_LEVEL = 0;
				GCC_PREPROCESSOR_DEFINITIONS = ("'CMAKE_INTDIR=\"$(CONFIGURATION)$(EFFECTIVE_PLATFORM_NAME)\"'","$(inherited)");
				GCC_SYMBOLS_PRIVATE_EXTERN = NO;
				INSTALL_PATH = "";
				OTHER_LDFLAGS = ("","$(inherited)");
				OTHER_REZFLAGS = "";
				PRODUCT_NAME = ZERO_CHECK;
				SECTORDER_FLAGS = "";
				SYMROOT = /Users/seenum/cs184/Bubble_Rings/sim/xcode/CGL;
				USE_HEADERMAP = NO;
				WARNING_CFLAGS = ("$(inherited)");
			};
			name = Release;
		};
		64114C6AB47741D6AEA0B0E2 /* Debug */ = {
			isa = XCBuildConfiguration;
			buildSettings = {
				COMBINE_HIDPI_IMAGES = YES;
				GCC_GENERATE_DEBUGGING_SYMBOLS = YES;
				GCC_INLINES_ARE_PRIVATE_EXTERN = NO;
				GCC_OPTIMIZATION_LEVEL = 0;
				GCC_PREPROCESSOR_DEFINITIONS = ("'CMAKE_INTDIR=\"$(CONFIGURATION)$(EFFECTIVE_PLATFORM_NAME)\"'","$(inherited)");
				GCC_SYMBOLS_PRIVATE_EXTERN = NO;
				INSTALL_PATH = "";
				OTHER_LDFLAGS = ("","$(inherited)");
				OTHER_REZFLAGS = "";
				PRODUCT_NAME = ALL_BUILD;
				SECTORDER_FLAGS = "";
				SYMROOT = /Users/seenum/cs184/Bubble_Rings/sim/xcode/CGL;
				USE_HEADERMAP = NO;
				WARNING_CFLAGS = ("$(inherited)");
			};
			name = Debug;
		};
		6A2350ECB0AD4369838DFB90 /* Debug */ = {
			isa = XCBuildConfiguration;
			buildSettings = {
				COMBINE_HIDPI_IMAGES = YES;
				GCC_GENERATE_DEBUGGING_SYMBOLS = YES;
				GCC_INLINES_ARE_PRIVATE_EXTERN = NO;
				GCC_OPTIMIZATION_LEVEL = 0;
				GCC_PREPROCESSOR_DEFINITIONS = ("'CMAKE_INTDIR=\"$(CONFIGURATION)$(EFFECTIVE_PLATFORM_NAME)\"'","$(inherited)");
				GCC_SYMBOLS_PRIVATE_EXTERN = NO;
				INSTALL_PATH = "";
				OTHER_LDFLAGS = ("","$(inherited)");
				OTHER_REZFLAGS = "";
				PRODUCT_NAME = ZERO_CHECK;
				SECTORDER_FLAGS = "";
				SYMROOT = /Users/seenum/cs184/Bubble_Rings/sim/xcode/CGL;
				USE_HEADERMAP = NO;
				WARNING_CFLAGS = ("$(inherited)");
			};
			name = Debug;
		};
		7280B8E9177944618C99CBD0 /* RelWithDebInfo */ = {
			isa = XCBuildConfiguration;
			buildSettings = {
				COMBINE_HIDPI_IMAGES = YES;
				GCC_GENERATE_DEBUGGING_SYMBOLS = YES;
				GCC_INLINES_ARE_PRIVATE_EXTERN = NO;
				GCC_OPTIMIZATION_LEVEL = 0;
				GCC_PREPROCESSOR_DEFINITIONS = ("'CMAKE_INTDIR=\"$(CONFIGURATION)$(EFFECTIVE_PLATFORM_NAME)\"'","$(inherited)");
				GCC_SYMBOLS_PRIVATE_EXTERN = NO;
				INSTALL_PATH = "";
				OTHER_LDFLAGS = ("","$(inherited)");
				OTHER_REZFLAGS = "";
				PRODUCT_NAME = ZERO_CHECK;
				SECTORDER_FLAGS = "";
				SYMROOT = /Users/seenum/cs184/Bubble_Rings/sim/xcode/CGL;
				USE_HEADERMAP = NO;
				WARNING_CFLAGS = ("$(inherited)");
			};
			name = RelWithDebInfo;
		};
		73184153A51A450399E19B9B /* MinSizeRel */ = {
			isa = XCBuildConfiguration;
			buildSettings = {
				COMBINE_HIDPI_IMAGES = YES;
				GCC_GENERATE_DEBUGGING_SYMBOLS = YES;
				GCC_INLINES_ARE_PRIVATE_EXTERN = NO;
				GCC_OPTIMIZATION_LEVEL = 0;
				GCC_PREPROCESSOR_DEFINITIONS = ("'CMAKE_INTDIR=\"$(CONFIGURATION)$(EFFECTIVE_PLATFORM_NAME)\"'","$(inherited)");
				GCC_SYMBOLS_PRIVATE_EXTERN = NO;
				INSTALL_PATH = "";
				OTHER_LDFLAGS = ("","$(inherited)");
				OTHER_REZFLAGS = "";
				PRODUCT_NAME = ZERO_CHECK;
				SECTORDER_FLAGS = "";
				SYMROOT = /Users/seenum/cs184/Bubble_Rings/sim/xcode/CGL;
				USE_HEADERMAP = NO;
				WARNING_CFLAGS = ("$(inherited)");
			};
			name = MinSizeRel;
		};
		84417B4B2D9D44869FBF8F88 /* RelWithDebInfo */ = {
			isa = XCBuildConfiguration;
			buildSettings = {
				ARCHS = "$(NATIVE_ARCH_ACTUAL)";
				ONLY_ACTIVE_ARCH = YES;
				SDKROOT = /Applications/Xcode.app/Contents/Developer/Platforms/MacOSX.platform/Developer/SDKs/MacOSX12.1.sdk;
				SYMROOT = /Users/seenum/cs184/Bubble_Rings/sim/xcode/CGL/build;
			};
			name = RelWithDebInfo;
		};
		9060754451D14331A6870AA3 /* MinSizeRel */ = {
			isa = XCBuildConfiguration;
			buildSettings = {
				ARCHS = "$(NATIVE_ARCH_ACTUAL)";
				ONLY_ACTIVE_ARCH = YES;
				SDKROOT = /Applications/Xcode.app/Contents/Developer/Platforms/MacOSX.platform/Developer/SDKs/MacOSX12.1.sdk;
				SYMROOT = /Users/seenum/cs184/Bubble_Rings/sim/xcode/CGL/build;
			};
			name = MinSizeRel;
		};
		907C41D06EEA47CC8EF1C0B3 /* Debug */ = {
			isa = XCBuildConfiguration;
			buildSettings = {
				COMBINE_HIDPI_IMAGES = YES;
				GCC_GENERATE_DEBUGGING_SYMBOLS = YES;
				GCC_INLINES_ARE_PRIVATE_EXTERN = NO;
				GCC_OPTIMIZATION_LEVEL = 0;
				GCC_PREPROCESSOR_DEFINITIONS = ("'CMAKE_INTDIR=\"$(CONFIGURATION)$(EFFECTIVE_PLATFORM_NAME)\"'","$(inherited)");
				GCC_SYMBOLS_PRIVATE_EXTERN = NO;
				INSTALL_PATH = "";
				OTHER_LDFLAGS = ("","$(inherited)");
				OTHER_REZFLAGS = "";
				PRODUCT_NAME = install;
				SECTORDER_FLAGS = "";
				SYMROOT = /Users/seenum/cs184/Bubble_Rings/sim/xcode/CGL;
				USE_HEADERMAP = NO;
				WARNING_CFLAGS = ("$(inherited)");
			};
			name = Debug;
		};
		90D51D3CAE274C5999F731B6 /* Release */ = {
			isa = XCBuildConfiguration;
			buildSettings = {
				COMBINE_HIDPI_IMAGES = YES;
				EXECUTABLE_PREFIX = lib;
				EXECUTABLE_SUFFIX = .a;
				GCC_GENERATE_DEBUGGING_SYMBOLS = NO;
				GCC_INLINES_ARE_PRIVATE_EXTERN = NO;
				GCC_OPTIMIZATION_LEVEL = 3;
				GCC_PREPROCESSOR_DEFINITIONS = ("'CMAKE_INTDIR=\"$(CONFIGURATION)$(EFFECTIVE_PLATFORM_NAME)\"'",NANOGUI_SHARED,NVG_SHARED,GLAD_GLAPI_EXPORT,NANOGUI_GLAD,"$(inherited)");
				GCC_SYMBOLS_PRIVATE_EXTERN = NO;
				HEADER_SEARCH_PATHS = (/Users/seenum/cs184/Bubble_Rings/sim/ext/nanogui/include,/Users/seenum/cs184/Bubble_Rings/sim/CGL/include,/usr/local/include/freetype2,/Users/seenum/cs184/Bubble_Rings/sim/ext/nanogui/ext/glad/include,/Users/seenum/cs184/Bubble_Rings/sim/ext/nanogui/ext/glfw/include,/Users/seenum/cs184/Bubble_Rings/sim/ext/nanogui/ext/nanovg/src,/Users/seenum/cs184/Bubble_Rings/sim/ext/nanogui/ext/eigen,/Users/seenum/cs184/Bubble_Rings/sim/CGL/include/CGL,"$(inherited)");
				INSTALL_PATH = "";
				LIBRARY_STYLE = STATIC;
				OTHER_CPLUSPLUSFLAGS = " -std=c++11 -m64     -funroll-loops -Wno-narrowing -Wno-deprecated-register     -DNDEBUG -Wno-constant-conversion ";
				OTHER_LIBTOOLFLAGS = ("");
				OTHER_REZFLAGS = "";
				PRODUCT_NAME = CGL;
				SECTORDER_FLAGS = "";
				SYMROOT = /Users/seenum/cs184/Bubble_Rings/sim/xcode/CGL/src;
				USE_HEADERMAP = NO;
				WARNING_CFLAGS = ("$(inherited)");
			};
			name = Release;
		};
		B717C28BDE2D4B6A9D53C6C4 /* Release */ = {
			isa = XCBuildConfiguration;
			buildSettings = {
				COMBINE_HIDPI_IMAGES = YES;
				GCC_GENERATE_DEBUGGING_SYMBOLS = YES;
				GCC_INLINES_ARE_PRIVATE_EXTERN = NO;
				GCC_OPTIMIZATION_LEVEL = 0;
				GCC_PREPROCESSOR_DEFINITIONS = ("'CMAKE_INTDIR=\"$(CONFIGURATION)$(EFFECTIVE_PLATFORM_NAME)\"'","$(inherited)");
				GCC_SYMBOLS_PRIVATE_EXTERN = NO;
				INSTALL_PATH = "";
				OTHER_LDFLAGS = ("","$(inherited)");
				OTHER_REZFLAGS = "";
				PRODUCT_NAME = ALL_BUILD;
				SECTORDER_FLAGS = "";
				SYMROOT = /Users/seenum/cs184/Bubble_Rings/sim/xcode/CGL;
				USE_HEADERMAP = NO;
				WARNING_CFLAGS = ("$(inherited)");
			};
			name = Release;
		};
		B8A5D3F260174B0DB5CD4927 /* RelWithDebInfo */ = {
			isa = XCBuildConfiguration;
			buildSettings = {
				COMBINE_HIDPI_IMAGES = YES;
				EXECUTABLE_PREFIX = lib;
				EXECUTABLE_SUFFIX = .a;
				GCC_GENERATE_DEBUGGING_SYMBOLS = YES;
				GCC_INLINES_ARE_PRIVATE_EXTERN = NO;
				GCC_OPTIMIZATION_LEVEL = 2;
				GCC_PREPROCESSOR_DEFINITIONS = ("'CMAKE_INTDIR=\"$(CONFIGURATION)$(EFFECTIVE_PLATFORM_NAME)\"'",NANOGUI_SHARED,NVG_SHARED,GLAD_GLAPI_EXPORT,NANOGUI_GLAD,"$(inherited)");
				GCC_SYMBOLS_PRIVATE_EXTERN = NO;
				HEADER_SEARCH_PATHS = (/Users/seenum/cs184/Bubble_Rings/sim/ext/nanogui/include,/Users/seenum/cs184/Bubble_Rings/sim/CGL/include,/usr/local/include/freetype2,/Users/seenum/cs184/Bubble_Rings/sim/ext/nanogui/ext/glad/include,/Users/seenum/cs184/Bubble_Rings/sim/ext/nanogui/ext/glfw/include,/Users/seenum/cs184/Bubble_Rings/sim/ext/nanogui/ext/nanovg/src,/Users/seenum/cs184/Bubble_Rings/sim/ext/nanogui/ext/eigen,/Users/seenum/cs184/Bubble_Rings/sim/CGL/include/CGL,"$(inherited)");
				INSTALL_PATH = "";
				LIBRARY_STYLE = STATIC;
				OTHER_CPLUSPLUSFLAGS = " -std=c++11 -m64     -funroll-loops -Wno-narrowing -Wno-deprecated-register        -DNDEBUG -Wno-constant-conversion ";
				OTHER_LIBTOOLFLAGS = ("");
				OTHER_REZFLAGS = "";
				PRODUCT_NAME = CGL;
				SECTORDER_FLAGS = "";
				SYMROOT = /Users/seenum/cs184/Bubble_Rings/sim/xcode/CGL/src;
				USE_HEADERMAP = NO;
				WARNING_CFLAGS = ("$(inherited)");
			};
			name = RelWithDebInfo;
		};
		BF445C1DBE804AAD919D2526 /* MinSizeRel */ = {
			isa = XCBuildConfiguration;
			buildSettings = {
				COMBINE_HIDPI_IMAGES = YES;
				GCC_GENERATE_DEBUGGING_SYMBOLS = YES;
				GCC_INLINES_ARE_PRIVATE_EXTERN = NO;
				GCC_OPTIMIZATION_LEVEL = 0;
				GCC_PREPROCESSOR_DEFINITIONS = ("'CMAKE_INTDIR=\"$(CONFIGURATION)$(EFFECTIVE_PLATFORM_NAME)\"'","$(inherited)");
				GCC_SYMBOLS_PRIVATE_EXTERN = NO;
				INSTALL_PATH = "";
				OTHER_LDFLAGS = ("","$(inherited)");
				OTHER_REZFLAGS = "";
				PRODUCT_NAME = ALL_BUILD;
				SECTORDER_FLAGS = "";
				SYMROOT = /Users/seenum/cs184/Bubble_Rings/sim/xcode/CGL;
				USE_HEADERMAP = NO;
				WARNING_CFLAGS = ("$(inherited)");
			};
			name = MinSizeRel;
		};
		E439E21C8C024B5EA5D63356 /* RelWithDebInfo */ = {
			isa = XCBuildConfiguration;
			buildSettings = {
				COMBINE_HIDPI_IMAGES = YES;
				GCC_GENERATE_DEBUGGING_SYMBOLS = YES;
				GCC_INLINES_ARE_PRIVATE_EXTERN = NO;
				GCC_OPTIMIZATION_LEVEL = 0;
				GCC_PREPROCESSOR_DEFINITIONS = ("'CMAKE_INTDIR=\"$(CONFIGURATION)$(EFFECTIVE_PLATFORM_NAME)\"'","$(inherited)");
				GCC_SYMBOLS_PRIVATE_EXTERN = NO;
				INSTALL_PATH = "";
				OTHER_LDFLAGS = ("","$(inherited)");
				OTHER_REZFLAGS = "";
				PRODUCT_NAME = ALL_BUILD;
				SECTORDER_FLAGS = "";
				SYMROOT = /Users/seenum/cs184/Bubble_Rings/sim/xcode/CGL;
				USE_HEADERMAP = NO;
				WARNING_CFLAGS = ("$(inherited)");
			};
			name = RelWithDebInfo;
		};
		EECE6967CEF24F9D81EC339F /* Release */ = {
			isa = XCBuildConfiguration;
			buildSettings = {
				ARCHS = "$(NATIVE_ARCH_ACTUAL)";
				ONLY_ACTIVE_ARCH = YES;
				SDKROOT = /Applications/Xcode.app/Contents/Developer/Platforms/MacOSX.platform/Developer/SDKs/MacOSX12.1.sdk;
				SYMROOT = /Users/seenum/cs184/Bubble_Rings/sim/xcode/CGL/build;
			};
			name = Release;
		};
		F984ACA908E948BABB171B5D /* Debug */ = {
			isa = XCBuildConfiguration;
			buildSettings = {
				ARCHS = "$(NATIVE_ARCH_ACTUAL)";
				ONLY_ACTIVE_ARCH = YES;
				SDKROOT = /Applications/Xcode.app/Contents/Developer/Platforms/MacOSX.platform/Developer/SDKs/MacOSX12.1.sdk;
				SYMROOT = /Users/seenum/cs184/Bubble_Rings/sim/xcode/CGL/build;
			};
			name = Debug;
		};
/* End XCBuildConfiguration section */

/* Begin XCConfigurationList section */
		B1572D0A02CC4B38AF98C68C /* Build configuration list for PBXNativeTarget "CGL" */ = {
			isa = XCConfigurationList;
			buildConfigurations = (
				1E7E72DFCEB24DABA810A19C /* Debug */,
				90D51D3CAE274C5999F731B6 /* Release */,
				0CAFFAA42323454BAF2D8F07 /* MinSizeRel */,
				B8A5D3F260174B0DB5CD4927 /* RelWithDebInfo */,
			);
			defaultConfigurationIsVisible = 0;
			defaultConfigurationName = Debug;
		};
		B4E1A9E99C7D4766948EE4C0 /* Build configuration list for PBXAggregateTarget "install" */ = {
			isa = XCConfigurationList;
			buildConfigurations = (
				907C41D06EEA47CC8EF1C0B3 /* Debug */,
				205A3704B7B9478B979A55A8 /* Release */,
				12EBE10A38664E88851F3C28 /* MinSizeRel */,
				0F22E5BA92024BFC99A83ABB /* RelWithDebInfo */,
			);
			defaultConfigurationIsVisible = 0;
			defaultConfigurationName = Debug;
		};
		BE54B27EADFB4B8BA5C3FD93 /* Build configuration list for PBXAggregateTarget "ZERO_CHECK" */ = {
			isa = XCConfigurationList;
			buildConfigurations = (
				6A2350ECB0AD4369838DFB90 /* Debug */,
				4BF65FB2D02E4FF6A27986E7 /* Release */,
				73184153A51A450399E19B9B /* MinSizeRel */,
				7280B8E9177944618C99CBD0 /* RelWithDebInfo */,
			);
			defaultConfigurationIsVisible = 0;
			defaultConfigurationName = Debug;
		};
		C5B6242612B74FB597A184BD /* Build configuration list for PBXProject "CGL" */ = {
			isa = XCConfigurationList;
			buildConfigurations = (
				F984ACA908E948BABB171B5D /* Debug */,
				EECE6967CEF24F9D81EC339F /* Release */,
				9060754451D14331A6870AA3 /* MinSizeRel */,
				84417B4B2D9D44869FBF8F88 /* RelWithDebInfo */,
			);
			defaultConfigurationIsVisible = 0;
			defaultConfigurationName = Debug;
		};
		D5D1D7FD6F8745999B9E8AE3 /* Build configuration list for PBXAggregateTarget "ALL_BUILD" */ = {
			isa = XCConfigurationList;
			buildConfigurations = (
				64114C6AB47741D6AEA0B0E2 /* Debug */,
				B717C28BDE2D4B6A9D53C6C4 /* Release */,
				BF445C1DBE804AAD919D2526 /* MinSizeRel */,
				E439E21C8C024B5EA5D63356 /* RelWithDebInfo */,
			);
			defaultConfigurationIsVisible = 0;
			defaultConfigurationName = Debug;
		};
/* End XCConfigurationList section */
	};
	rootObject = 6EB2373AA69144E0A906A7B0 /* Project object */;
}
